PODS:
  - Alamofire (4.0.0)
  - Kingfisher (3.1.0)
  - RappleProgressHUD (2.0.4)
  - SnapKit (3.0.1)
  - SwiftyJSON (3.1.0)

DEPENDENCIES:
  - Alamofire (= 4.0.0)
  - Kingfisher (= 3.1.0)
  - RappleProgressHUD (= 2.0.4)
  - SnapKit (= 3.0.1)
  - SwiftyJSON (= 3.1.0)

SPEC CHECKSUMS:
  Alamofire: fef59f00388f267e52d9b432aa5d93dc97190f14
  Kingfisher: 7779f22e977393e9533a89a9685beb8f679d3767
  RappleProgressHUD: f0591a3b4803d5392c169ca7cfae8048ba7119a4
  SnapKit: f818b8326d45b4e1c777d0ab27b5c0a3624bfdeb
  SwiftyJSON: 29b9f2a64f118c07e691667c2ba1efe536acfe0b

PODFILE CHECKSUM: 2efe755a956398df3e8d41db88c2f4e24e30747f

COCOAPODS: 1.0.1
