// !$*UTF8*$!
{
	archiveVersion = 1;
	classes = {
	};
	objectVersion = 46;
	objects = {

/* Begin PBXBuildFile section */
		34429F610448E4ACD68FB595 /* Pods_moneyiOS.framework in Frameworks */ = {isa = PBXBuildFile; fileRef = 9AA617DD78B38513C132291E /* Pods_moneyiOS.framework */; };
		5B86519AF879D56F24424170 /* Pods_moneyiOS.framework in Frameworks */ = {isa = PBXBuildFile; fileRef = 9AA617DD78B38513C132291E /* Pods_moneyiOS.framework */; };
		B208E7FD1D9267DC005B4A7E /* Security.framework in Frameworks */ = {isa = PBXBuildFile; fileRef = B208E7FC1D9267DC005B4A7E /* Security.framework */; };
		B208E8001D9267FA005B4A7E /* Security.framework in Frameworks */ = {isa = PBXBuildFile; fileRef = B208E7FC1D9267DC005B4A7E /* Security.framework */; };
		B208E8011D926803005B4A7E /* libz.tbd in Frameworks */ = {isa = PBXBuildFile; fileRef = B29EBA951D9218F100818503 /* libz.tbd */; };
		B208E8021D92681A005B4A7E /* libc++.tbd in Frameworks */ = {isa = PBXBuildFile; fileRef = B29EBA931D9218E900818503 /* libc++.tbd */; };
		B20CFF591DA375B80069FF37 /* JavaScriptCore.framework in Frameworks */ = {isa = PBXBuildFile; fileRef = B20CFF581DA375B80069FF37 /* JavaScriptCore.framework */; };
		B20CFF5B1DA3769C0069FF37 /* libc++.1.tbd in Frameworks */ = {isa = PBXBuildFile; fileRef = B20CFF5A1DA3769C0069FF37 /* libc++.1.tbd */; };
		B20D09341D6C7D5D00C650A5 /* MarketTableViewCell.swift in Sources */ = {isa = PBXBuildFile; fileRef = B20D09331D6C7D5D00C650A5 /* MarketTableViewCell.swift */; };
		B20D09371D6C7DB500C650A5 /* MsgTableViewCell.swift in Sources */ = {isa = PBXBuildFile; fileRef = B20D09361D6C7DB500C650A5 /* MsgTableViewCell.swift */; };
		B20D093A1D6C80D000C650A5 /* adress_book_contacts.png in Resources */ = {isa = PBXBuildFile; fileRef = B20D09391D6C80D000C650A5 /* adress_book_contacts.png */; };
		B20D093D1D6DE92D00C650A5 /* SignInViewController.swift in Sources */ = {isa = PBXBuildFile; fileRef = B20D093C1D6DE92D00C650A5 /* SignInViewController.swift */; };
		B213E3A71D82C2C200B9E4A5 /* follow_72px.png in Resources */ = {isa = PBXBuildFile; fileRef = B213E3A61D82C2C200B9E4A5 /* follow_72px.png */; };
		B22FDC851D8FE07F005B0E86 /* FindTableViewController.swift in Sources */ = {isa = PBXBuildFile; fileRef = B297DB721D86E86D00A6426D /* FindTableViewController.swift */; };
		B22FDC861D8FE07F005B0E86 /* MsgTableViewController.swift in Sources */ = {isa = PBXBuildFile; fileRef = B2458DF71D5D992500AF0815 /* MsgTableViewController.swift */; };
		B22FDC871D8FE07F005B0E86 /* HeadLineTableViewCell.swift in Sources */ = {isa = PBXBuildFile; fileRef = B2E948831D7BF5E90087838A /* HeadLineTableViewCell.swift */; };
		B22FDC881D8FE07F005B0E86 /* NewsModel.swift in Sources */ = {isa = PBXBuildFile; fileRef = B296BAA11D50E54A004DE860 /* NewsModel.swift */; };
		B22FDC891D8FE07F005B0E86 /* Tool.swift in Sources */ = {isa = PBXBuildFile; fileRef = B2E9489E1D7D9D350087838A /* Tool.swift */; };
		B22FDC8A1D8FE07F005B0E86 /* MarketTableViewController.swift in Sources */ = {isa = PBXBuildFile; fileRef = B2E27A431D571BCE00D65A94 /* MarketTableViewController.swift */; };
		B22FDC8B1D8FE07F005B0E86 /* NewsFeedViewCtrl.swift in Sources */ = {isa = PBXBuildFile; fileRef = B2E9487A1D7BBDFB0087838A /* NewsFeedViewCtrl.swift */; };
		B22FDC8C1D8FE07F005B0E86 /* SearchPeopleTableViewCtrl.swift in Sources */ = {isa = PBXBuildFile; fileRef = B2458DFA1D5D993700AF0815 /* SearchPeopleTableViewCtrl.swift */; };
		B22FDC8D1D8FE07F005B0E86 /* TradeTableViewController.swift in Sources */ = {isa = PBXBuildFile; fileRef = B2458C411D59752A00AF0815 /* TradeTableViewController.swift */; };
		B22FDC8E1D8FE07F005B0E86 /* MoreTableViewCell.swift in Sources */ = {isa = PBXBuildFile; fileRef = B2E948861D7BFB670087838A /* MoreTableViewCell.swift */; };
		B22FDC8F1D8FE07F005B0E86 /* ConfigAccess.swift in Sources */ = {isa = PBXBuildFile; fileRef = B296BAA81D56DCA7004DE860 /* ConfigAccess.swift */; };
		B22FDC901D8FE07F005B0E86 /* UIMacro.swift in Sources */ = {isa = PBXBuildFile; fileRef = B24706431D50D70700FBF7EB /* UIMacro.swift */; };
		B22FDC911D8FE07F005B0E86 /* NewsAPI.swift in Sources */ = {isa = PBXBuildFile; fileRef = B296BAA41D50ECB0004DE860 /* NewsAPI.swift */; };
		B22FDC921D8FE07F005B0E86 /* MarketModel.swift in Sources */ = {isa = PBXBuildFile; fileRef = B2E27A471D57229200D65A94 /* MarketModel.swift */; };
		B22FDC931D8FE07F005B0E86 /* returnValue.swift in Sources */ = {isa = PBXBuildFile; fileRef = B2D155731D767D0800CCF174 /* returnValue.swift */; };
		B22FDC941D8FE07F005B0E86 /* NewsTableViewCell.swift in Sources */ = {isa = PBXBuildFile; fileRef = B296BA9F1D50E511004DE860 /* NewsTableViewCell.swift */; };
		B22FDC951D8FE07F005B0E86 /* SearchPeopleTableViewCell.swift in Sources */ = {isa = PBXBuildFile; fileRef = B2458E031D5DA6B100AF0815 /* SearchPeopleTableViewCell.swift */; };
		B22FDC961D8FE07F005B0E86 /* TabbarController.swift in Sources */ = {isa = PBXBuildFile; fileRef = B24706451D50D9A000FBF7EB /* TabbarController.swift */; };
		B22FDC971D8FE07F005B0E86 /* NewsTableViewController.swift in Sources */ = {isa = PBXBuildFile; fileRef = B296BA991D50E163004DE860 /* NewsTableViewController.swift */; };
		B22FDC981D8FE07F005B0E86 /* MsgModel.swift in Sources */ = {isa = PBXBuildFile; fileRef = B297DB7B1D87DA4A00A6426D /* MsgModel.swift */; };
		B22FDC991D8FE07F005B0E86 /* LiveTableViewCell.swift in Sources */ = {isa = PBXBuildFile; fileRef = B2E9488C1D7C115B0087838A /* LiveTableViewCell.swift */; };
		B22FDC9A1D8FE07F005B0E86 /* MarketViewController.swift in Sources */ = {isa = PBXBuildFile; fileRef = B2E27A411D570DB900D65A94 /* MarketViewController.swift */; };
		B22FDC9B1D8FE07F005B0E86 /* UserModel.swift in Sources */ = {isa = PBXBuildFile; fileRef = B2458E001D5DA54100AF0815 /* UserModel.swift */; };
		B22FDC9C1D8FE07F005B0E86 /* FindTableViewCell.swift in Sources */ = {isa = PBXBuildFile; fileRef = B297DB751D86E8C700A6426D /* FindTableViewCell.swift */; };
		B22FDC9D1D8FE07F005B0E86 /* NewsViewCtrl.swift in Sources */ = {isa = PBXBuildFile; fileRef = B247065B1D50DE5D00FBF7EB /* NewsViewCtrl.swift */; };
		B22FDC9E1D8FE07F005B0E86 /* faceCell.swift in Sources */ = {isa = PBXBuildFile; fileRef = B2458E091D5DB51000AF0815 /* faceCell.swift */; };
		B22FDC9F1D8FE07F005B0E86 /* MsgTableViewCell.swift in Sources */ = {isa = PBXBuildFile; fileRef = B20D09361D6C7DB500C650A5 /* MsgTableViewCell.swift */; };
		B22FDCA01D8FE07F005B0E86 /* NewsFeedModel.swift in Sources */ = {isa = PBXBuildFile; fileRef = B2E948A41D7FAC580087838A /* NewsFeedModel.swift */; };
		B22FDCA11D8FE07F005B0E86 /* HeadFaceTableViewCell.swift in Sources */ = {isa = PBXBuildFile; fileRef = B2E948891D7C09300087838A /* HeadFaceTableViewCell.swift */; };
		B22FDCA21D8FE07F005B0E86 /* LiveView.swift in Sources */ = {isa = PBXBuildFile; fileRef = B2E9489B1D7C50190087838A /* LiveView.swift */; };
		B22FDCA31D8FE07F005B0E86 /* NewsFeedTableViewCell.swift in Sources */ = {isa = PBXBuildFile; fileRef = B2E948A11D7FAA800087838A /* NewsFeedTableViewCell.swift */; };
		B22FDCA41D8FE07F005B0E86 /* moneyiOS.xcdatamodeld in Sources */ = {isa = PBXBuildFile; fileRef = B2D1731B1D3CA27C00FC128A /* moneyiOS.xcdatamodeld */; };
		B22FDCA51D8FE07F005B0E86 /* LiveModel.swift in Sources */ = {isa = PBXBuildFile; fileRef = B2E948981D7C4ED50087838A /* LiveModel.swift */; };
		B22FDCA61D8FE07F005B0E86 /* AppDelegate.swift in Sources */ = {isa = PBXBuildFile; fileRef = B2D173141D3CA27C00FC128A /* AppDelegate.swift */; };
		B22FDCA71D8FE07F005B0E86 /* UserDetailTableViewController.swift in Sources */ = {isa = PBXBuildFile; fileRef = B2458E061D5DB2B600AF0815 /* UserDetailTableViewController.swift */; };
		B22FDCA81D8FE07F005B0E86 /* SignInViewController.swift in Sources */ = {isa = PBXBuildFile; fileRef = B20D093C1D6DE92D00C650A5 /* SignInViewController.swift */; };
		B22FDCA91D8FE07F005B0E86 /* MarketTableViewCell.swift in Sources */ = {isa = PBXBuildFile; fileRef = B20D09331D6C7D5D00C650A5 /* MarketTableViewCell.swift */; };
		B22FDCAE1D8FE07F005B0E86 /* camera_.png in Resources */ = {isa = PBXBuildFile; fileRef = B2E948801D7BC6B20087838A /* camera_.png */; };
		B22FDCAF1D8FE07F005B0E86 /* heart2.png in Resources */ = {isa = PBXBuildFile; fileRef = B2E948A71D8015590087838A /* heart2.png */; };
		B22FDCB01D8FE07F005B0E86 /* message@2x.png in Resources */ = {isa = PBXBuildFile; fileRef = B2E948721D7BB0110087838A /* message@2x.png */; };
		B22FDCB11D8FE07F005B0E86 /* me@3x.png in Resources */ = {isa = PBXBuildFile; fileRef = B247064C1D50DACD00FBF7EB /* me@3x.png */; };
		B22FDCB21D8FE07F005B0E86 /* qq_48px.png in Resources */ = {isa = PBXBuildFile; fileRef = B2D155611D6EE86100CCF174 /* qq_48px.png */; };
		B22FDCB31D8FE07F005B0E86 /* wechat.png in Resources */ = {isa = PBXBuildFile; fileRef = B2E948901D7C48AB0087838A /* wechat.png */; };
		B22FDCB41D8FE07F005B0E86 /* adress_book_contacts.png in Resources */ = {isa = PBXBuildFile; fileRef = B20D09391D6C80D000C650A5 /* adress_book_contacts.png */; };
		B22FDCB51D8FE07F005B0E86 /* me@2x.png in Resources */ = {isa = PBXBuildFile; fileRef = B247064B1D50DACD00FBF7EB /* me@2x.png */; };
		B22FDCB61D8FE07F005B0E86 /* magnifier_32.png in Resources */ = {isa = PBXBuildFile; fileRef = B2EED7431D6C660C0053816C /* magnifier_32.png */; };
		B22FDCB71D8FE07F005B0E86 /* Like_64.png in Resources */ = {isa = PBXBuildFile; fileRef = B2E948B31D8019300087838A /* Like_64.png */; };
		B22FDCB81D8FE07F005B0E86 /* watch@2x.png in Resources */ = {isa = PBXBuildFile; fileRef = B247064D1D50DACD00FBF7EB /* watch@2x.png */; };
		B22FDCB91D8FE07F005B0E86 /* comment_48px.png in Resources */ = {isa = PBXBuildFile; fileRef = B2E948B61D801A1F0087838A /* comment_48px.png */; };
		B22FDCBA1D8FE07F005B0E86 /* magnifier_48.png in Resources */ = {isa = PBXBuildFile; fileRef = B2EED7411D6C65BC0053816C /* magnifier_48.png */; };
		B22FDCBB1D8FE07F005B0E86 /* config.geojson in Resources */ = {isa = PBXBuildFile; fileRef = B2E27A3F1D56F16300D65A94 /* config.geojson */; };
		B22FDCBC1D8FE07F005B0E86 /* newsFeed@3x.png in Resources */ = {isa = PBXBuildFile; fileRef = B24706481D50DACD00FBF7EB /* newsFeed@3x.png */; };
		B22FDCBD1D8FE07F005B0E86 /* camera_72px.png in Resources */ = {isa = PBXBuildFile; fileRef = B2E9487D1D7BC5460087838A /* camera_72px.png */; };
		B22FDCBE1D8FE07F005B0E86 /* newsFeed@2x.png in Resources */ = {isa = PBXBuildFile; fileRef = B24706471D50DACD00FBF7EB /* newsFeed@2x.png */; };
		B22FDCBF1D8FE07F005B0E86 /* comment.png in Resources */ = {isa = PBXBuildFile; fileRef = B2E948B01D8019250087838A /* comment.png */; };
		B22FDCC01D8FE07F005B0E86 /* qq.png in Resources */ = {isa = PBXBuildFile; fileRef = B2E9488F1D7C48AB0087838A /* qq.png */; };
		B22FDCC11D8FE07F005B0E86 /* LaunchScreen.storyboard in Resources */ = {isa = PBXBuildFile; fileRef = B2D173201D3CA27D00FC128A /* LaunchScreen.storyboard */; };
		B22FDCC21D8FE07F005B0E86 /* man-noname.png in Resources */ = {isa = PBXBuildFile; fileRef = B2458DFD1D5DA3F200AF0815 /* man-noname.png */; };
		B22FDCC31D8FE07F005B0E86 /* heart3.png in Resources */ = {isa = PBXBuildFile; fileRef = B2E948A81D8015590087838A /* heart3.png */; };
		B22FDCC41D8FE07F005B0E86 /* message.png in Resources */ = {isa = PBXBuildFile; fileRef = B2E948711D7BB0110087838A /* message.png */; };
		B22FDCC51D8FE07F005B0E86 /* weibo_48px.png in Resources */ = {isa = PBXBuildFile; fileRef = B2D155651D6EE87600CCF174 /* weibo_48px.png */; };
		B22FDCC61D8FE07F005B0E86 /* like.png in Resources */ = {isa = PBXBuildFile; fileRef = B2E948AD1D8017E20087838A /* like.png */; };
		B22FDCC71D8FE07F005B0E86 /* magnifier.png in Resources */ = {isa = PBXBuildFile; fileRef = B2EED73F1D6C60FC0053816C /* magnifier.png */; };
		B22FDCC81D8FE07F005B0E86 /* follow_72px.png in Resources */ = {isa = PBXBuildFile; fileRef = B213E3A61D82C2C200B9E4A5 /* follow_72px.png */; };
		B22FDCC91D8FE07F005B0E86 /* market@3x.png in Resources */ = {isa = PBXBuildFile; fileRef = B247064A1D50DACD00FBF7EB /* market@3x.png */; };
		B22FDCCA1D8FE07F005B0E86 /* Assets.xcassets in Resources */ = {isa = PBXBuildFile; fileRef = B2D1731E1D3CA27C00FC128A /* Assets.xcassets */; };
		B22FDCCB1D8FE07F005B0E86 /* weibo.png in Resources */ = {isa = PBXBuildFile; fileRef = B2E948911D7C48AB0087838A /* weibo.png */; };
		B22FDCCC1D8FE07F005B0E86 /* magnifier_32px.png in Resources */ = {isa = PBXBuildFile; fileRef = B2EED7451D6C70C30053816C /* magnifier_32px.png */; };
		B22FDCCD1D8FE07F005B0E86 /* market@2x.png in Resources */ = {isa = PBXBuildFile; fileRef = B24706491D50DACD00FBF7EB /* market@2x.png */; };
		B22FDCCE1D8FE07F005B0E86 /* watch@3x.png in Resources */ = {isa = PBXBuildFile; fileRef = B247064E1D50DACD00FBF7EB /* watch@3x.png */; };
		B22FDCCF1D8FE07F005B0E86 /* Person_add_72px.png in Resources */ = {isa = PBXBuildFile; fileRef = B297DB781D86EC1E00A6426D /* Person_add_72px.png */; };
		B22FDCD01D8FE07F005B0E86 /* Main.storyboard in Resources */ = {isa = PBXBuildFile; fileRef = B2D173181D3CA27C00FC128A /* Main.storyboard */; };
		B22FDCD11D8FE07F005B0E86 /* wechat_48px.png in Resources */ = {isa = PBXBuildFile; fileRef = B2D155631D6EE86C00CCF174 /* wechat_48px.png */; };
		B2458C421D59752A00AF0815 /* TradeTableViewController.swift in Sources */ = {isa = PBXBuildFile; fileRef = B2458C411D59752A00AF0815 /* TradeTableViewController.swift */; };
		B2458DF81D5D992500AF0815 /* MsgTableViewController.swift in Sources */ = {isa = PBXBuildFile; fileRef = B2458DF71D5D992500AF0815 /* MsgTableViewController.swift */; };
		B2458DFB1D5D993700AF0815 /* SearchPeopleTableViewCtrl.swift in Sources */ = {isa = PBXBuildFile; fileRef = B2458DFA1D5D993700AF0815 /* SearchPeopleTableViewCtrl.swift */; };
		B2458DFE1D5DA3F200AF0815 /* man-noname.png in Resources */ = {isa = PBXBuildFile; fileRef = B2458DFD1D5DA3F200AF0815 /* man-noname.png */; };
		B2458E011D5DA54100AF0815 /* UserModel.swift in Sources */ = {isa = PBXBuildFile; fileRef = B2458E001D5DA54100AF0815 /* UserModel.swift */; };
		B2458E041D5DA6B100AF0815 /* SearchPeopleTableViewCell.swift in Sources */ = {isa = PBXBuildFile; fileRef = B2458E031D5DA6B100AF0815 /* SearchPeopleTableViewCell.swift */; };
		B2458E071D5DB2B600AF0815 /* UserDetailTableViewController.swift in Sources */ = {isa = PBXBuildFile; fileRef = B2458E061D5DB2B600AF0815 /* UserDetailTableViewController.swift */; };
		B2458E0A1D5DB51000AF0815 /* faceCell.swift in Sources */ = {isa = PBXBuildFile; fileRef = B2458E091D5DB51000AF0815 /* faceCell.swift */; };
		B24706441D50D70700FBF7EB /* UIMacro.swift in Sources */ = {isa = PBXBuildFile; fileRef = B24706431D50D70700FBF7EB /* UIMacro.swift */; };
		B24706461D50D9A000FBF7EB /* TabbarController.swift in Sources */ = {isa = PBXBuildFile; fileRef = B24706451D50D9A000FBF7EB /* TabbarController.swift */; };
		B247064F1D50DACD00FBF7EB /* newsFeed@2x.png in Resources */ = {isa = PBXBuildFile; fileRef = B24706471D50DACD00FBF7EB /* newsFeed@2x.png */; };
		B24706501D50DACD00FBF7EB /* newsFeed@3x.png in Resources */ = {isa = PBXBuildFile; fileRef = B24706481D50DACD00FBF7EB /* newsFeed@3x.png */; };
		B24706511D50DACD00FBF7EB /* market@2x.png in Resources */ = {isa = PBXBuildFile; fileRef = B24706491D50DACD00FBF7EB /* market@2x.png */; };
		B24706521D50DACD00FBF7EB /* market@3x.png in Resources */ = {isa = PBXBuildFile; fileRef = B247064A1D50DACD00FBF7EB /* market@3x.png */; };
		B24706531D50DACD00FBF7EB /* me@2x.png in Resources */ = {isa = PBXBuildFile; fileRef = B247064B1D50DACD00FBF7EB /* me@2x.png */; };
		B24706541D50DACD00FBF7EB /* me@3x.png in Resources */ = {isa = PBXBuildFile; fileRef = B247064C1D50DACD00FBF7EB /* me@3x.png */; };
		B24706551D50DACD00FBF7EB /* watch@2x.png in Resources */ = {isa = PBXBuildFile; fileRef = B247064D1D50DACD00FBF7EB /* watch@2x.png */; };
		B24706561D50DACD00FBF7EB /* watch@3x.png in Resources */ = {isa = PBXBuildFile; fileRef = B247064E1D50DACD00FBF7EB /* watch@3x.png */; };
		B247065C1D50DE5D00FBF7EB /* NewsViewCtrl.swift in Sources */ = {isa = PBXBuildFile; fileRef = B247065B1D50DE5D00FBF7EB /* NewsViewCtrl.swift */; };
		B296BA9A1D50E163004DE860 /* NewsTableViewController.swift in Sources */ = {isa = PBXBuildFile; fileRef = B296BA991D50E163004DE860 /* NewsTableViewController.swift */; };
		B296BAA01D50E511004DE860 /* NewsTableViewCell.swift in Sources */ = {isa = PBXBuildFile; fileRef = B296BA9F1D50E511004DE860 /* NewsTableViewCell.swift */; };
		B296BAA21D50E54A004DE860 /* NewsModel.swift in Sources */ = {isa = PBXBuildFile; fileRef = B296BAA11D50E54A004DE860 /* NewsModel.swift */; };
		B296BAA51D50ECB0004DE860 /* NewsAPI.swift in Sources */ = {isa = PBXBuildFile; fileRef = B296BAA41D50ECB0004DE860 /* NewsAPI.swift */; };
		B296BAA91D56DCA7004DE860 /* ConfigAccess.swift in Sources */ = {isa = PBXBuildFile; fileRef = B296BAA81D56DCA7004DE860 /* ConfigAccess.swift */; };
		B297DB731D86E86D00A6426D /* FindTableViewController.swift in Sources */ = {isa = PBXBuildFile; fileRef = B297DB721D86E86D00A6426D /* FindTableViewController.swift */; };
		B297DB761D86E8C700A6426D /* FindTableViewCell.swift in Sources */ = {isa = PBXBuildFile; fileRef = B297DB751D86E8C700A6426D /* FindTableViewCell.swift */; };
		B297DB791D86EC1E00A6426D /* Person_add_72px.png in Resources */ = {isa = PBXBuildFile; fileRef = B297DB781D86EC1E00A6426D /* Person_add_72px.png */; };
		B297DB7C1D87DA4A00A6426D /* MsgModel.swift in Sources */ = {isa = PBXBuildFile; fileRef = B297DB7B1D87DA4A00A6426D /* MsgModel.swift */; };
		B29EBA941D9218E900818503 /* libc++.tbd in Frameworks */ = {isa = PBXBuildFile; fileRef = B29EBA931D9218E900818503 /* libc++.tbd */; };
		B29EBA961D9218F100818503 /* libz.tbd in Frameworks */ = {isa = PBXBuildFile; fileRef = B29EBA951D9218F100818503 /* libz.tbd */; };
		B29EBA981D9218FB00818503 /* SystemConfiguration.framework in Frameworks */ = {isa = PBXBuildFile; fileRef = B29EBA971D9218FB00818503 /* SystemConfiguration.framework */; };
		B2D155621D6EE86100CCF174 /* qq_48px.png in Resources */ = {isa = PBXBuildFile; fileRef = B2D155611D6EE86100CCF174 /* qq_48px.png */; };
		B2D155641D6EE86C00CCF174 /* wechat_48px.png in Resources */ = {isa = PBXBuildFile; fileRef = B2D155631D6EE86C00CCF174 /* wechat_48px.png */; };
		B2D155661D6EE87600CCF174 /* weibo_48px.png in Resources */ = {isa = PBXBuildFile; fileRef = B2D155651D6EE87600CCF174 /* weibo_48px.png */; };
		B2D155741D767D0800CCF174 /* returnValue.swift in Sources */ = {isa = PBXBuildFile; fileRef = B2D155731D767D0800CCF174 /* returnValue.swift */; };
		B2D173151D3CA27C00FC128A /* AppDelegate.swift in Sources */ = {isa = PBXBuildFile; fileRef = B2D173141D3CA27C00FC128A /* AppDelegate.swift */; };
		B2D1731A1D3CA27C00FC128A /* Main.storyboard in Resources */ = {isa = PBXBuildFile; fileRef = B2D173181D3CA27C00FC128A /* Main.storyboard */; };
		B2D1731D1D3CA27C00FC128A /* moneyiOS.xcdatamodeld in Sources */ = {isa = PBXBuildFile; fileRef = B2D1731B1D3CA27C00FC128A /* moneyiOS.xcdatamodeld */; };
		B2D1731F1D3CA27D00FC128A /* Assets.xcassets in Resources */ = {isa = PBXBuildFile; fileRef = B2D1731E1D3CA27C00FC128A /* Assets.xcassets */; };
		B2D173221D3CA27D00FC128A /* LaunchScreen.storyboard in Resources */ = {isa = PBXBuildFile; fileRef = B2D173201D3CA27D00FC128A /* LaunchScreen.storyboard */; };
		B2D173381D3CC92100FC128A /* moneyiOSUITests.swift in Sources */ = {isa = PBXBuildFile; fileRef = B2D173371D3CC92100FC128A /* moneyiOSUITests.swift */; };
		B2D173461D3CC9C000FC128A /* moneyiOSTests.swift in Sources */ = {isa = PBXBuildFile; fileRef = B2D173451D3CC9C000FC128A /* moneyiOSTests.swift */; };
		B2D173551D3CCD5A00FC128A /* cfTest.swift in Sources */ = {isa = PBXBuildFile; fileRef = B2D1734D1D3CCAF000FC128A /* cfTest.swift */; };
		B2D173561D3CCD5A00FC128A /* cfTest.swift in Sources */ = {isa = PBXBuildFile; fileRef = B2D1734D1D3CCAF000FC128A /* cfTest.swift */; };
		B2E27A401D56F16300D65A94 /* config.geojson in Resources */ = {isa = PBXBuildFile; fileRef = B2E27A3F1D56F16300D65A94 /* config.geojson */; };
		B2E27A421D570DB900D65A94 /* MarketViewController.swift in Sources */ = {isa = PBXBuildFile; fileRef = B2E27A411D570DB900D65A94 /* MarketViewController.swift */; };
		B2E27A441D571BCE00D65A94 /* MarketTableViewController.swift in Sources */ = {isa = PBXBuildFile; fileRef = B2E27A431D571BCE00D65A94 /* MarketTableViewController.swift */; };
		B2E27A481D57229200D65A94 /* MarketModel.swift in Sources */ = {isa = PBXBuildFile; fileRef = B2E27A471D57229200D65A94 /* MarketModel.swift */; };
		B2E948731D7BB0110087838A /* message.png in Resources */ = {isa = PBXBuildFile; fileRef = B2E948711D7BB0110087838A /* message.png */; };
		B2E948751D7BB0110087838A /* message@2x.png in Resources */ = {isa = PBXBuildFile; fileRef = B2E948721D7BB0110087838A /* message@2x.png */; };
		B2E9487B1D7BBDFB0087838A /* NewsFeedViewCtrl.swift in Sources */ = {isa = PBXBuildFile; fileRef = B2E9487A1D7BBDFB0087838A /* NewsFeedViewCtrl.swift */; };
		B2E9487E1D7BC5460087838A /* camera_72px.png in Resources */ = {isa = PBXBuildFile; fileRef = B2E9487D1D7BC5460087838A /* camera_72px.png */; };
		B2E948811D7BC6B20087838A /* camera_.png in Resources */ = {isa = PBXBuildFile; fileRef = B2E948801D7BC6B20087838A /* camera_.png */; };
		B2E948841D7BF5E90087838A /* HeadLineTableViewCell.swift in Sources */ = {isa = PBXBuildFile; fileRef = B2E948831D7BF5E90087838A /* HeadLineTableViewCell.swift */; };
		B2E948871D7BFB670087838A /* MoreTableViewCell.swift in Sources */ = {isa = PBXBuildFile; fileRef = B2E948861D7BFB670087838A /* MoreTableViewCell.swift */; };
		B2E9488A1D7C09300087838A /* HeadFaceTableViewCell.swift in Sources */ = {isa = PBXBuildFile; fileRef = B2E948891D7C09300087838A /* HeadFaceTableViewCell.swift */; };
		B2E9488D1D7C115B0087838A /* LiveTableViewCell.swift in Sources */ = {isa = PBXBuildFile; fileRef = B2E9488C1D7C115B0087838A /* LiveTableViewCell.swift */; };
		B2E948921D7C48AB0087838A /* qq.png in Resources */ = {isa = PBXBuildFile; fileRef = B2E9488F1D7C48AB0087838A /* qq.png */; };
		B2E948941D7C48AB0087838A /* wechat.png in Resources */ = {isa = PBXBuildFile; fileRef = B2E948901D7C48AB0087838A /* wechat.png */; };
		B2E948961D7C48AB0087838A /* weibo.png in Resources */ = {isa = PBXBuildFile; fileRef = B2E948911D7C48AB0087838A /* weibo.png */; };
		B2E948991D7C4ED50087838A /* LiveModel.swift in Sources */ = {isa = PBXBuildFile; fileRef = B2E948981D7C4ED50087838A /* LiveModel.swift */; };
		B2E9489C1D7C50190087838A /* LiveView.swift in Sources */ = {isa = PBXBuildFile; fileRef = B2E9489B1D7C50190087838A /* LiveView.swift */; };
		B2E9489F1D7D9D350087838A /* Tool.swift in Sources */ = {isa = PBXBuildFile; fileRef = B2E9489E1D7D9D350087838A /* Tool.swift */; };
		B2E948A21D7FAA800087838A /* NewsFeedTableViewCell.swift in Sources */ = {isa = PBXBuildFile; fileRef = B2E948A11D7FAA800087838A /* NewsFeedTableViewCell.swift */; };
		B2E948A51D7FAC580087838A /* NewsFeedModel.swift in Sources */ = {isa = PBXBuildFile; fileRef = B2E948A41D7FAC580087838A /* NewsFeedModel.swift */; };
		B2E948A91D8015590087838A /* heart2.png in Resources */ = {isa = PBXBuildFile; fileRef = B2E948A71D8015590087838A /* heart2.png */; };
		B2E948AB1D8015590087838A /* heart3.png in Resources */ = {isa = PBXBuildFile; fileRef = B2E948A81D8015590087838A /* heart3.png */; };
		B2E948AE1D8017E20087838A /* like.png in Resources */ = {isa = PBXBuildFile; fileRef = B2E948AD1D8017E20087838A /* like.png */; };
		B2E948B11D8019250087838A /* comment.png in Resources */ = {isa = PBXBuildFile; fileRef = B2E948B01D8019250087838A /* comment.png */; };
		B2E948B41D8019300087838A /* Like_64.png in Resources */ = {isa = PBXBuildFile; fileRef = B2E948B31D8019300087838A /* Like_64.png */; };
		B2E948B71D801A1F0087838A /* comment_48px.png in Resources */ = {isa = PBXBuildFile; fileRef = B2E948B61D801A1F0087838A /* comment_48px.png */; };
		B2EED7401D6C60FC0053816C /* magnifier.png in Resources */ = {isa = PBXBuildFile; fileRef = B2EED73F1D6C60FC0053816C /* magnifier.png */; };
		B2EED7421D6C65BC0053816C /* magnifier_48.png in Resources */ = {isa = PBXBuildFile; fileRef = B2EED7411D6C65BC0053816C /* magnifier_48.png */; };
		B2EED7441D6C660C0053816C /* magnifier_32.png in Resources */ = {isa = PBXBuildFile; fileRef = B2EED7431D6C660C0053816C /* magnifier_32.png */; };
		B2EED7461D6C70C30053816C /* magnifier_32px.png in Resources */ = {isa = PBXBuildFile; fileRef = B2EED7451D6C70C30053816C /* magnifier_32px.png */; };
		B2F74A5F1DA3FE6600E29E38 /* Bugly.framework in Frameworks */ = {isa = PBXBuildFile; fileRef = B2F74A5E1DA3FE6600E29E38 /* Bugly.framework */; };
		B2F74A601DA3FE6600E29E38 /* Bugly.framework in Frameworks */ = {isa = PBXBuildFile; fileRef = B2F74A5E1DA3FE6600E29E38 /* Bugly.framework */; };
		F07298814B863C90E363C6C4 /* Pods_moneyiOS.framework in Frameworks */ = {isa = PBXBuildFile; fileRef = 9AA617DD78B38513C132291E /* Pods_moneyiOS.framework */; };
/* End PBXBuildFile section */

/* Begin PBXContainerItemProxy section */
		B2D1733A1D3CC92100FC128A /* PBXContainerItemProxy */ = {
			isa = PBXContainerItemProxy;
			containerPortal = B2D173091D3CA27C00FC128A /* Project object */;
			proxyType = 1;
			remoteGlobalIDString = B2D173101D3CA27C00FC128A;
			remoteInfo = moneyiOS;
		};
		B2D173481D3CC9C000FC128A /* PBXContainerItemProxy */ = {
			isa = PBXContainerItemProxy;
			containerPortal = B2D173091D3CA27C00FC128A /* Project object */;
			proxyType = 1;
			remoteGlobalIDString = B2D173101D3CA27C00FC128A;
			remoteInfo = moneyiOS;
		};
/* End PBXContainerItemProxy section */

/* Begin PBXFileReference section */
		071F84D32E988F20775DFDC4 /* Pods-moneyiOS.debug.xcconfig */ = {isa = PBXFileReference; includeInIndex = 1; lastKnownFileType = text.xcconfig; name = "Pods-moneyiOS.debug.xcconfig"; path = "Pods/Target Support Files/Pods-moneyiOS/Pods-moneyiOS.debug.xcconfig"; sourceTree = "<group>"; };
		1BD34F029EDA06E54B7E40DA /* Pods-moneyiOS.release.xcconfig */ = {isa = PBXFileReference; includeInIndex = 1; lastKnownFileType = text.xcconfig; name = "Pods-moneyiOS.release.xcconfig"; path = "Pods/Target Support Files/Pods-moneyiOS/Pods-moneyiOS.release.xcconfig"; sourceTree = "<group>"; };
		9AA617DD78B38513C132291E /* Pods_moneyiOS.framework */ = {isa = PBXFileReference; explicitFileType = wrapper.framework; includeInIndex = 0; path = Pods_moneyiOS.framework; sourceTree = BUILT_PRODUCTS_DIR; };
		B208E7FC1D9267DC005B4A7E /* Security.framework */ = {isa = PBXFileReference; lastKnownFileType = wrapper.framework; name = Security.framework; path = System/Library/Frameworks/Security.framework; sourceTree = SDKROOT; };
		B208E7FE1D9267F0005B4A7E /* Pods_moneyiOS.framework */ = {isa = PBXFileReference; lastKnownFileType = wrapper.framework; name = Pods_moneyiOS.framework; path = "Pods/../build/Debug-iphoneos/Pods_moneyiOS.framework"; sourceTree = "<group>"; };
		B20CFF571DA372E90069FF37 /* moneyiOS-Bridging-Header.h */ = {isa = PBXFileReference; fileEncoding = 4; lastKnownFileType = sourcecode.c.h; path = "moneyiOS-Bridging-Header.h"; sourceTree = "<group>"; };
		B20CFF581DA375B80069FF37 /* JavaScriptCore.framework */ = {isa = PBXFileReference; lastKnownFileType = wrapper.framework; name = JavaScriptCore.framework; path = System/Library/Frameworks/JavaScriptCore.framework; sourceTree = SDKROOT; };
		B20CFF5A1DA3769C0069FF37 /* libc++.1.tbd */ = {isa = PBXFileReference; lastKnownFileType = "sourcecode.text-based-dylib-definition"; name = "libc++.1.tbd"; path = "usr/lib/libc++.1.tbd"; sourceTree = SDKROOT; };
		B20D09331D6C7D5D00C650A5 /* MarketTableViewCell.swift */ = {isa = PBXFileReference; fileEncoding = 4; lastKnownFileType = sourcecode.swift; path = MarketTableViewCell.swift; sourceTree = "<group>"; };
		B20D09361D6C7DB500C650A5 /* MsgTableViewCell.swift */ = {isa = PBXFileReference; fileEncoding = 4; lastKnownFileType = sourcecode.swift; path = MsgTableViewCell.swift; sourceTree = "<group>"; };
		B20D09391D6C80D000C650A5 /* adress_book_contacts.png */ = {isa = PBXFileReference; lastKnownFileType = image.png; path = adress_book_contacts.png; sourceTree = "<group>"; };
		B20D093C1D6DE92D00C650A5 /* SignInViewController.swift */ = {isa = PBXFileReference; fileEncoding = 4; lastKnownFileType = sourcecode.swift; path = SignInViewController.swift; sourceTree = "<group>"; };
		B213E3A61D82C2C200B9E4A5 /* follow_72px.png */ = {isa = PBXFileReference; lastKnownFileType = image.png; path = follow_72px.png; sourceTree = "<group>"; };
		B22FDCD71D8FE07F005B0E86 /* UATmoneyiOS.app */ = {isa = PBXFileReference; explicitFileType = wrapper.application; includeInIndex = 0; path = UATmoneyiOS.app; sourceTree = BUILT_PRODUCTS_DIR; };
		B22FDCD81D8FE07F005B0E86 /* moneyiOS copy3-Info.plist */ = {isa = PBXFileReference; lastKnownFileType = text.plist.xml; name = "moneyiOS copy3-Info.plist"; path = "/Users/wangjam/Documents/develop/money/moneyiOS/moneyiOS copy3-Info.plist"; sourceTree = "<absolute>"; };
		B2458C411D59752A00AF0815 /* TradeTableViewController.swift */ = {isa = PBXFileReference; fileEncoding = 4; lastKnownFileType = sourcecode.swift; path = TradeTableViewController.swift; sourceTree = "<group>"; };
		B2458C6A1D59B90500AF0815 /* moneyiOS copy-Info.plist */ = {isa = PBXFileReference; lastKnownFileType = text.plist.xml; name = "moneyiOS copy-Info.plist"; path = "/Users/wangjam/Documents/develop/money/moneyiOS/moneyiOS copy-Info.plist"; sourceTree = "<absolute>"; };
		B2458C921D59BA6700AF0815 /* moneyiOS copy2-Info.plist */ = {isa = PBXFileReference; lastKnownFileType = text.plist.xml; name = "moneyiOS copy2-Info.plist"; path = "/Users/wangjam/Documents/develop/money/moneyiOS/moneyiOS copy2-Info.plist"; sourceTree = "<absolute>"; };
		B2458DF71D5D992500AF0815 /* MsgTableViewController.swift */ = {isa = PBXFileReference; fileEncoding = 4; lastKnownFileType = sourcecode.swift; path = MsgTableViewController.swift; sourceTree = "<group>"; };
		B2458DFA1D5D993700AF0815 /* SearchPeopleTableViewCtrl.swift */ = {isa = PBXFileReference; fileEncoding = 4; lastKnownFileType = sourcecode.swift; path = SearchPeopleTableViewCtrl.swift; sourceTree = "<group>"; };
		B2458DFD1D5DA3F200AF0815 /* man-noname.png */ = {isa = PBXFileReference; lastKnownFileType = image.png; path = "man-noname.png"; sourceTree = "<group>"; };
		B2458E001D5DA54100AF0815 /* UserModel.swift */ = {isa = PBXFileReference; fileEncoding = 4; lastKnownFileType = sourcecode.swift; path = UserModel.swift; sourceTree = "<group>"; };
		B2458E031D5DA6B100AF0815 /* SearchPeopleTableViewCell.swift */ = {isa = PBXFileReference; fileEncoding = 4; lastKnownFileType = sourcecode.swift; path = SearchPeopleTableViewCell.swift; sourceTree = "<group>"; };
		B2458E061D5DB2B600AF0815 /* UserDetailTableViewController.swift */ = {isa = PBXFileReference; fileEncoding = 4; lastKnownFileType = sourcecode.swift; path = UserDetailTableViewController.swift; sourceTree = "<group>"; };
		B2458E091D5DB51000AF0815 /* faceCell.swift */ = {isa = PBXFileReference; fileEncoding = 4; lastKnownFileType = sourcecode.swift; path = faceCell.swift; sourceTree = "<group>"; };
		B24706431D50D70700FBF7EB /* UIMacro.swift */ = {isa = PBXFileReference; fileEncoding = 4; lastKnownFileType = sourcecode.swift; path = UIMacro.swift; sourceTree = "<group>"; };
		B24706451D50D9A000FBF7EB /* TabbarController.swift */ = {isa = PBXFileReference; fileEncoding = 4; lastKnownFileType = sourcecode.swift; path = TabbarController.swift; sourceTree = "<group>"; };
		B24706471D50DACD00FBF7EB /* newsFeed@2x.png */ = {isa = PBXFileReference; lastKnownFileType = image.png; path = "newsFeed@2x.png"; sourceTree = "<group>"; };
		B24706481D50DACD00FBF7EB /* newsFeed@3x.png */ = {isa = PBXFileReference; lastKnownFileType = image.png; path = "newsFeed@3x.png"; sourceTree = "<group>"; };
		B24706491D50DACD00FBF7EB /* market@2x.png */ = {isa = PBXFileReference; lastKnownFileType = image.png; path = "market@2x.png"; sourceTree = "<group>"; };
		B247064A1D50DACD00FBF7EB /* market@3x.png */ = {isa = PBXFileReference; lastKnownFileType = image.png; path = "market@3x.png"; sourceTree = "<group>"; };
		B247064B1D50DACD00FBF7EB /* me@2x.png */ = {isa = PBXFileReference; lastKnownFileType = image.png; path = "me@2x.png"; sourceTree = "<group>"; };
		B247064C1D50DACD00FBF7EB /* me@3x.png */ = {isa = PBXFileReference; lastKnownFileType = image.png; path = "me@3x.png"; sourceTree = "<group>"; };
		B247064D1D50DACD00FBF7EB /* watch@2x.png */ = {isa = PBXFileReference; lastKnownFileType = image.png; path = "watch@2x.png"; sourceTree = "<group>"; };
		B247064E1D50DACD00FBF7EB /* watch@3x.png */ = {isa = PBXFileReference; lastKnownFileType = image.png; path = "watch@3x.png"; sourceTree = "<group>"; };
		B247065B1D50DE5D00FBF7EB /* NewsViewCtrl.swift */ = {isa = PBXFileReference; fileEncoding = 4; lastKnownFileType = sourcecode.swift; path = NewsViewCtrl.swift; sourceTree = "<group>"; };
		B24CB5D21D9BA6920058A009 /* Pods_moneyiOS.framework */ = {isa = PBXFileReference; lastKnownFileType = wrapper.framework; name = Pods_moneyiOS.framework; path = "../../../../Library/Developer/Xcode/DerivedData/moneyiOS-fqpazxdxfvcthkchuotjrhxlandb/Build/Products/Debug-iphonesimulator/Pods_moneyiOS.framework"; sourceTree = "<group>"; };
		B296BA991D50E163004DE860 /* NewsTableViewController.swift */ = {isa = PBXFileReference; fileEncoding = 4; lastKnownFileType = sourcecode.swift; path = NewsTableViewController.swift; sourceTree = "<group>"; };
		B296BA9F1D50E511004DE860 /* NewsTableViewCell.swift */ = {isa = PBXFileReference; fileEncoding = 4; lastKnownFileType = sourcecode.swift; path = NewsTableViewCell.swift; sourceTree = "<group>"; };
		B296BAA11D50E54A004DE860 /* NewsModel.swift */ = {isa = PBXFileReference; fileEncoding = 4; lastKnownFileType = sourcecode.swift; path = NewsModel.swift; sourceTree = "<group>"; };
		B296BAA41D50ECB0004DE860 /* NewsAPI.swift */ = {isa = PBXFileReference; fileEncoding = 4; lastKnownFileType = sourcecode.swift; path = NewsAPI.swift; sourceTree = "<group>"; };
		B296BAA81D56DCA7004DE860 /* ConfigAccess.swift */ = {isa = PBXFileReference; fileEncoding = 4; lastKnownFileType = sourcecode.swift; path = ConfigAccess.swift; sourceTree = "<group>"; };
		B297DB721D86E86D00A6426D /* FindTableViewController.swift */ = {isa = PBXFileReference; fileEncoding = 4; lastKnownFileType = sourcecode.swift; path = FindTableViewController.swift; sourceTree = "<group>"; };
		B297DB751D86E8C700A6426D /* FindTableViewCell.swift */ = {isa = PBXFileReference; fileEncoding = 4; lastKnownFileType = sourcecode.swift; path = FindTableViewCell.swift; sourceTree = "<group>"; };
		B297DB781D86EC1E00A6426D /* Person_add_72px.png */ = {isa = PBXFileReference; lastKnownFileType = image.png; path = Person_add_72px.png; sourceTree = "<group>"; };
		B297DB7B1D87DA4A00A6426D /* MsgModel.swift */ = {isa = PBXFileReference; fileEncoding = 4; lastKnownFileType = sourcecode.swift; path = MsgModel.swift; sourceTree = "<group>"; };
		B29EBA931D9218E900818503 /* libc++.tbd */ = {isa = PBXFileReference; lastKnownFileType = "sourcecode.text-based-dylib-definition"; name = "libc++.tbd"; path = "usr/lib/libc++.tbd"; sourceTree = SDKROOT; };
		B29EBA951D9218F100818503 /* libz.tbd */ = {isa = PBXFileReference; lastKnownFileType = "sourcecode.text-based-dylib-definition"; name = libz.tbd; path = usr/lib/libz.tbd; sourceTree = SDKROOT; };
		B29EBA971D9218FB00818503 /* SystemConfiguration.framework */ = {isa = PBXFileReference; lastKnownFileType = wrapper.framework; name = SystemConfiguration.framework; path = System/Library/Frameworks/SystemConfiguration.framework; sourceTree = SDKROOT; };
		B2D155611D6EE86100CCF174 /* qq_48px.png */ = {isa = PBXFileReference; lastKnownFileType = image.png; path = qq_48px.png; sourceTree = "<group>"; };
		B2D155631D6EE86C00CCF174 /* wechat_48px.png */ = {isa = PBXFileReference; lastKnownFileType = image.png; path = wechat_48px.png; sourceTree = "<group>"; };
		B2D155651D6EE87600CCF174 /* weibo_48px.png */ = {isa = PBXFileReference; lastKnownFileType = image.png; path = weibo_48px.png; sourceTree = "<group>"; };
		B2D155731D767D0800CCF174 /* returnValue.swift */ = {isa = PBXFileReference; fileEncoding = 4; lastKnownFileType = sourcecode.swift; path = returnValue.swift; sourceTree = "<group>"; };
		B2D173111D3CA27C00FC128A /* moneyiOS.app */ = {isa = PBXFileReference; explicitFileType = wrapper.application; includeInIndex = 0; path = moneyiOS.app; sourceTree = BUILT_PRODUCTS_DIR; };
		B2D173141D3CA27C00FC128A /* AppDelegate.swift */ = {isa = PBXFileReference; lastKnownFileType = sourcecode.swift; path = AppDelegate.swift; sourceTree = "<group>"; };
		B2D173191D3CA27C00FC128A /* Base */ = {isa = PBXFileReference; lastKnownFileType = file.storyboard; name = Base; path = Base.lproj/Main.storyboard; sourceTree = "<group>"; };
		B2D1731C1D3CA27C00FC128A /* moneyiOS.xcdatamodel */ = {isa = PBXFileReference; lastKnownFileType = wrapper.xcdatamodel; path = moneyiOS.xcdatamodel; sourceTree = "<group>"; };
		B2D1731E1D3CA27C00FC128A /* Assets.xcassets */ = {isa = PBXFileReference; lastKnownFileType = folder.assetcatalog; path = Assets.xcassets; sourceTree = "<group>"; };
		B2D173211D3CA27D00FC128A /* Base */ = {isa = PBXFileReference; lastKnownFileType = file.storyboard; name = Base; path = Base.lproj/LaunchScreen.storyboard; sourceTree = "<group>"; };
		B2D173231D3CA27D00FC128A /* Info.plist */ = {isa = PBXFileReference; lastKnownFileType = text.plist.xml; path = Info.plist; sourceTree = "<group>"; };
		B2D173351D3CC92100FC128A /* moneyiOSUITests.xctest */ = {isa = PBXFileReference; explicitFileType = wrapper.cfbundle; includeInIndex = 0; path = moneyiOSUITests.xctest; sourceTree = BUILT_PRODUCTS_DIR; };
		B2D173371D3CC92100FC128A /* moneyiOSUITests.swift */ = {isa = PBXFileReference; lastKnownFileType = sourcecode.swift; path = moneyiOSUITests.swift; sourceTree = "<group>"; };
		B2D173391D3CC92100FC128A /* Info.plist */ = {isa = PBXFileReference; lastKnownFileType = text.plist.xml; path = Info.plist; sourceTree = "<group>"; };
		B2D173431D3CC9C000FC128A /* moneyiOSTests.xctest */ = {isa = PBXFileReference; explicitFileType = wrapper.cfbundle; includeInIndex = 0; path = moneyiOSTests.xctest; sourceTree = BUILT_PRODUCTS_DIR; };
		B2D173451D3CC9C000FC128A /* moneyiOSTests.swift */ = {isa = PBXFileReference; lastKnownFileType = sourcecode.swift; path = moneyiOSTests.swift; sourceTree = "<group>"; };
		B2D173471D3CC9C000FC128A /* Info.plist */ = {isa = PBXFileReference; lastKnownFileType = text.plist.xml; path = Info.plist; sourceTree = "<group>"; };
		B2D1734D1D3CCAF000FC128A /* cfTest.swift */ = {isa = PBXFileReference; fileEncoding = 4; lastKnownFileType = sourcecode.swift; path = cfTest.swift; sourceTree = "<group>"; };
		B2E27A3F1D56F16300D65A94 /* config.geojson */ = {isa = PBXFileReference; fileEncoding = 4; lastKnownFileType = text; path = config.geojson; sourceTree = "<group>"; };
		B2E27A411D570DB900D65A94 /* MarketViewController.swift */ = {isa = PBXFileReference; fileEncoding = 4; lastKnownFileType = sourcecode.swift; path = MarketViewController.swift; sourceTree = "<group>"; };
		B2E27A431D571BCE00D65A94 /* MarketTableViewController.swift */ = {isa = PBXFileReference; fileEncoding = 4; lastKnownFileType = sourcecode.swift; path = MarketTableViewController.swift; sourceTree = "<group>"; };
		B2E27A471D57229200D65A94 /* MarketModel.swift */ = {isa = PBXFileReference; fileEncoding = 4; lastKnownFileType = sourcecode.swift; path = MarketModel.swift; sourceTree = "<group>"; };
		B2E948711D7BB0110087838A /* message.png */ = {isa = PBXFileReference; lastKnownFileType = image.png; path = message.png; sourceTree = "<group>"; };
		B2E948721D7BB0110087838A /* message@2x.png */ = {isa = PBXFileReference; lastKnownFileType = image.png; path = "message@2x.png"; sourceTree = "<group>"; };
		B2E9487A1D7BBDFB0087838A /* NewsFeedViewCtrl.swift */ = {isa = PBXFileReference; fileEncoding = 4; lastKnownFileType = sourcecode.swift; path = NewsFeedViewCtrl.swift; sourceTree = "<group>"; };
		B2E9487D1D7BC5460087838A /* camera_72px.png */ = {isa = PBXFileReference; lastKnownFileType = image.png; path = camera_72px.png; sourceTree = "<group>"; };
		B2E948801D7BC6B20087838A /* camera_.png */ = {isa = PBXFileReference; lastKnownFileType = image.png; path = camera_.png; sourceTree = "<group>"; };
		B2E948831D7BF5E90087838A /* HeadLineTableViewCell.swift */ = {isa = PBXFileReference; fileEncoding = 4; lastKnownFileType = sourcecode.swift; path = HeadLineTableViewCell.swift; sourceTree = "<group>"; };
		B2E948861D7BFB670087838A /* MoreTableViewCell.swift */ = {isa = PBXFileReference; fileEncoding = 4; lastKnownFileType = sourcecode.swift; path = MoreTableViewCell.swift; sourceTree = "<group>"; };
		B2E948891D7C09300087838A /* HeadFaceTableViewCell.swift */ = {isa = PBXFileReference; fileEncoding = 4; lastKnownFileType = sourcecode.swift; path = HeadFaceTableViewCell.swift; sourceTree = "<group>"; };
		B2E9488C1D7C115B0087838A /* LiveTableViewCell.swift */ = {isa = PBXFileReference; fileEncoding = 4; lastKnownFileType = sourcecode.swift; path = LiveTableViewCell.swift; sourceTree = "<group>"; };
		B2E9488F1D7C48AB0087838A /* qq.png */ = {isa = PBXFileReference; lastKnownFileType = image.png; path = qq.png; sourceTree = "<group>"; };
		B2E948901D7C48AB0087838A /* wechat.png */ = {isa = PBXFileReference; lastKnownFileType = image.png; path = wechat.png; sourceTree = "<group>"; };
		B2E948911D7C48AB0087838A /* weibo.png */ = {isa = PBXFileReference; lastKnownFileType = image.png; path = weibo.png; sourceTree = "<group>"; };
		B2E948981D7C4ED50087838A /* LiveModel.swift */ = {isa = PBXFileReference; fileEncoding = 4; lastKnownFileType = sourcecode.swift; path = LiveModel.swift; sourceTree = "<group>"; };
		B2E9489B1D7C50190087838A /* LiveView.swift */ = {isa = PBXFileReference; fileEncoding = 4; lastKnownFileType = sourcecode.swift; path = LiveView.swift; sourceTree = "<group>"; };
		B2E9489E1D7D9D350087838A /* Tool.swift */ = {isa = PBXFileReference; fileEncoding = 4; lastKnownFileType = sourcecode.swift; path = Tool.swift; sourceTree = "<group>"; };
		B2E948A11D7FAA800087838A /* NewsFeedTableViewCell.swift */ = {isa = PBXFileReference; fileEncoding = 4; lastKnownFileType = sourcecode.swift; path = NewsFeedTableViewCell.swift; sourceTree = "<group>"; };
		B2E948A41D7FAC580087838A /* NewsFeedModel.swift */ = {isa = PBXFileReference; fileEncoding = 4; lastKnownFileType = sourcecode.swift; path = NewsFeedModel.swift; sourceTree = "<group>"; };
		B2E948A71D8015590087838A /* heart2.png */ = {isa = PBXFileReference; lastKnownFileType = image.png; path = heart2.png; sourceTree = "<group>"; };
		B2E948A81D8015590087838A /* heart3.png */ = {isa = PBXFileReference; lastKnownFileType = image.png; path = heart3.png; sourceTree = "<group>"; };
		B2E948AD1D8017E20087838A /* like.png */ = {isa = PBXFileReference; lastKnownFileType = image.png; path = like.png; sourceTree = "<group>"; };
		B2E948B01D8019250087838A /* comment.png */ = {isa = PBXFileReference; lastKnownFileType = image.png; path = comment.png; sourceTree = "<group>"; };
		B2E948B31D8019300087838A /* Like_64.png */ = {isa = PBXFileReference; lastKnownFileType = image.png; path = Like_64.png; sourceTree = "<group>"; };
		B2E948B61D801A1F0087838A /* comment_48px.png */ = {isa = PBXFileReference; lastKnownFileType = image.png; path = comment_48px.png; sourceTree = "<group>"; };
		B2EED73F1D6C60FC0053816C /* magnifier.png */ = {isa = PBXFileReference; lastKnownFileType = image.png; path = magnifier.png; sourceTree = "<group>"; };
		B2EED7411D6C65BC0053816C /* magnifier_48.png */ = {isa = PBXFileReference; lastKnownFileType = image.png; path = magnifier_48.png; sourceTree = "<group>"; };
		B2EED7431D6C660C0053816C /* magnifier_32.png */ = {isa = PBXFileReference; lastKnownFileType = image.png; path = magnifier_32.png; sourceTree = "<group>"; };
		B2EED7451D6C70C30053816C /* magnifier_32px.png */ = {isa = PBXFileReference; lastKnownFileType = image.png; path = magnifier_32px.png; sourceTree = "<group>"; };
		B2F74A5E1DA3FE6600E29E38 /* Bugly.framework */ = {isa = PBXFileReference; lastKnownFileType = wrapper.framework; path = Bugly.framework; sourceTree = "<group>"; };
/* End PBXFileReference section */

/* Begin PBXFrameworksBuildPhase section */
		B22FDCAA1D8FE07F005B0E86 /* Frameworks */ = {
			isa = PBXFrameworksBuildPhase;
			buildActionMask = 2147483647;
			files = (
				B20CFF5B1DA3769C0069FF37 /* libc++.1.tbd in Frameworks */,
				B20CFF591DA375B80069FF37 /* JavaScriptCore.framework in Frameworks */,
				B2F74A601DA3FE6600E29E38 /* Bugly.framework in Frameworks */,
				B208E7FD1D9267DC005B4A7E /* Security.framework in Frameworks */,
				B29EBA981D9218FB00818503 /* SystemConfiguration.framework in Frameworks */,
				B29EBA961D9218F100818503 /* libz.tbd in Frameworks */,
				B29EBA941D9218E900818503 /* libc++.tbd in Frameworks */,
			);
			runOnlyForDeploymentPostprocessing = 0;
		};
		B2D1730E1D3CA27C00FC128A /* Frameworks */ = {
			isa = PBXFrameworksBuildPhase;
			buildActionMask = 2147483647;
			files = (
				B208E8021D92681A005B4A7E /* libc++.tbd in Frameworks */,
				B208E8011D926803005B4A7E /* libz.tbd in Frameworks */,
				B2F74A5F1DA3FE6600E29E38 /* Bugly.framework in Frameworks */,
				B208E8001D9267FA005B4A7E /* Security.framework in Frameworks */,
				F07298814B863C90E363C6C4 /* Pods_moneyiOS.framework in Frameworks */,
				34429F610448E4ACD68FB595 /* Pods_moneyiOS.framework in Frameworks */,
				5B86519AF879D56F24424170 /* Pods_moneyiOS.framework in Frameworks */,
			);
			runOnlyForDeploymentPostprocessing = 0;
		};
		B2D173321D3CC92100FC128A /* Frameworks */ = {
			isa = PBXFrameworksBuildPhase;
			buildActionMask = 2147483647;
			files = (
			);
			runOnlyForDeploymentPostprocessing = 0;
		};
		B2D173401D3CC9C000FC128A /* Frameworks */ = {
			isa = PBXFrameworksBuildPhase;
			buildActionMask = 2147483647;
			files = (
			);
			runOnlyForDeploymentPostprocessing = 0;
		};
/* End PBXFrameworksBuildPhase section */

/* Begin PBXGroup section */
		1B0EBD6149D348C16A86C570 /* Frameworks */ = {
			isa = PBXGroup;
			children = (
				B20CFF5A1DA3769C0069FF37 /* libc++.1.tbd */,
				B20CFF581DA375B80069FF37 /* JavaScriptCore.framework */,
				B24CB5D21D9BA6920058A009 /* Pods_moneyiOS.framework */,
				B208E7FE1D9267F0005B4A7E /* Pods_moneyiOS.framework */,
				B208E7FC1D9267DC005B4A7E /* Security.framework */,
				B29EBA971D9218FB00818503 /* SystemConfiguration.framework */,
				B29EBA951D9218F100818503 /* libz.tbd */,
				B29EBA931D9218E900818503 /* libc++.tbd */,
				9AA617DD78B38513C132291E /* Pods_moneyiOS.framework */,
			);
			name = Frameworks;
			sourceTree = "<group>";
		};
		8D11F26B9418C97C82CC3821 /* Pods */ = {
			isa = PBXGroup;
			children = (
				071F84D32E988F20775DFDC4 /* Pods-moneyiOS.debug.xcconfig */,
				1BD34F029EDA06E54B7E40DA /* Pods-moneyiOS.release.xcconfig */,
			);
			name = Pods;
			sourceTree = "<group>";
		};
		B27480A81D965FEB00006383 /* lib */ = {
			isa = PBXGroup;
			children = (
			);
			path = lib;
			sourceTree = "<group>";
		};
		B296BAA31D50EC72004DE860 /* api */ = {
			isa = PBXGroup;
			children = (
				B296BAA41D50ECB0004DE860 /* NewsAPI.swift */,
			);
			name = api;
			path = cf/api;
			sourceTree = "<group>";
		};
		B296BAA61D56DB98004DE860 /* config */ = {
			isa = PBXGroup;
			children = (
				B296BAA81D56DCA7004DE860 /* ConfigAccess.swift */,
				B2D155731D767D0800CCF174 /* returnValue.swift */,
				B2E27A3F1D56F16300D65A94 /* config.geojson */,
			);
			path = config;
			sourceTree = "<group>";
		};
		B2D173081D3CA27C00FC128A = {
			isa = PBXGroup;
			children = (
				B2D173131D3CA27C00FC128A /* moneyiOS */,
				B2D173361D3CC92100FC128A /* moneyiOSUITests */,
				B2D173441D3CC9C000FC128A /* moneyiOSTests */,
				B2D173121D3CA27C00FC128A /* Products */,
				8D11F26B9418C97C82CC3821 /* Pods */,
				1B0EBD6149D348C16A86C570 /* Frameworks */,
				B2458C6A1D59B90500AF0815 /* moneyiOS copy-Info.plist */,
				B2458C921D59BA6700AF0815 /* moneyiOS copy2-Info.plist */,
				B22FDCD81D8FE07F005B0E86 /* moneyiOS copy3-Info.plist */,
			);
			sourceTree = "<group>";
		};
		B2D173121D3CA27C00FC128A /* Products */ = {
			isa = PBXGroup;
			children = (
				B2D173111D3CA27C00FC128A /* moneyiOS.app */,
				B2D173351D3CC92100FC128A /* moneyiOSUITests.xctest */,
				B2D173431D3CC9C000FC128A /* moneyiOSTests.xctest */,
				B22FDCD71D8FE07F005B0E86 /* UATmoneyiOS.app */,
			);
			name = Products;
			sourceTree = "<group>";
		};
		B2D173131D3CA27C00FC128A /* moneyiOS */ = {
			isa = PBXGroup;
			children = (
				B27480A81D965FEB00006383 /* lib */,
				B296BAA61D56DB98004DE860 /* config */,
				B296BAA31D50EC72004DE860 /* api */,
				B2D173291D3CB29800FC128A /* cf */,
				B2D1732A1D3CB29800FC128A /* comui */,
				B2D1732B1D3CB29800FC128A /* controller */,
				B2D1732C1D3CB29800FC128A /* db */,
				B2D1732D1D3CB29800FC128A /* model */,
				B2D1732E1D3CB29800FC128A /* resource */,
				B2D1732F1D3CB29800FC128A /* utility */,
				B2D173301D3CB29800FC128A /* view */,
				B2D173141D3CA27C00FC128A /* AppDelegate.swift */,
				B2D173181D3CA27C00FC128A /* Main.storyboard */,
				B2D1731E1D3CA27C00FC128A /* Assets.xcassets */,
				B2D173201D3CA27D00FC128A /* LaunchScreen.storyboard */,
				B2D173231D3CA27D00FC128A /* Info.plist */,
				B20CFF571DA372E90069FF37 /* moneyiOS-Bridging-Header.h */,
				B2F74A5E1DA3FE6600E29E38 /* Bugly.framework */,
				B2D1731B1D3CA27C00FC128A /* moneyiOS.xcdatamodeld */,
			);
			path = moneyiOS;
			sourceTree = "<group>";
		};
		B2D173291D3CB29800FC128A /* cf */ = {
			isa = PBXGroup;
			children = (
			);
			path = cf;
			sourceTree = "<group>";
		};
		B2D1732A1D3CB29800FC128A /* comui */ = {
			isa = PBXGroup;
			children = (
			);
			path = comui;
			sourceTree = "<group>";
		};
		B2D1732B1D3CB29800FC128A /* controller */ = {
			isa = PBXGroup;
			children = (
				B2E9487A1D7BBDFB0087838A /* NewsFeedViewCtrl.swift */,
				B247065B1D50DE5D00FBF7EB /* NewsViewCtrl.swift */,
				B20D093C1D6DE92D00C650A5 /* SignInViewController.swift */,
				B297DB721D86E86D00A6426D /* FindTableViewController.swift */,
				B2E27A411D570DB900D65A94 /* MarketViewController.swift */,
				B2458E061D5DB2B600AF0815 /* UserDetailTableViewController.swift */,
				B2458DFA1D5D993700AF0815 /* SearchPeopleTableViewCtrl.swift */,
				B2458DF71D5D992500AF0815 /* MsgTableViewController.swift */,
				B2458C411D59752A00AF0815 /* TradeTableViewController.swift */,
				B2E27A431D571BCE00D65A94 /* MarketTableViewController.swift */,
				B296BA991D50E163004DE860 /* NewsTableViewController.swift */,
			);
			path = controller;
			sourceTree = "<group>";
		};
		B2D1732C1D3CB29800FC128A /* db */ = {
			isa = PBXGroup;
			children = (
			);
			path = db;
			sourceTree = "<group>";
		};
		B2D1732D1D3CB29800FC128A /* model */ = {
			isa = PBXGroup;
			children = (
				B296BAA11D50E54A004DE860 /* NewsModel.swift */,
				B297DB7B1D87DA4A00A6426D /* MsgModel.swift */,
				B2E948A41D7FAC580087838A /* NewsFeedModel.swift */,
				B2E948981D7C4ED50087838A /* LiveModel.swift */,
				B2458E001D5DA54100AF0815 /* UserModel.swift */,
				B2E27A471D57229200D65A94 /* MarketModel.swift */,
			);
			path = model;
			sourceTree = "<group>";
		};
		B2D1732E1D3CB29800FC128A /* resource */ = {
			isa = PBXGroup;
			children = (
				B2E948B31D8019300087838A /* Like_64.png */,
				B2E948B01D8019250087838A /* comment.png */,
				B2E948AD1D8017E20087838A /* like.png */,
				B213E3A61D82C2C200B9E4A5 /* follow_72px.png */,
				B297DB781D86EC1E00A6426D /* Person_add_72px.png */,
				B2E948A71D8015590087838A /* heart2.png */,
				B2E948A81D8015590087838A /* heart3.png */,
				B2E948B61D801A1F0087838A /* comment_48px.png */,
				B2E948801D7BC6B20087838A /* camera_.png */,
				B2E9487D1D7BC5460087838A /* camera_72px.png */,
				B2D155611D6EE86100CCF174 /* qq_48px.png */,
				B2E9488F1D7C48AB0087838A /* qq.png */,
				B2E948901D7C48AB0087838A /* wechat.png */,
				B2E948911D7C48AB0087838A /* weibo.png */,
				B2D155631D6EE86C00CCF174 /* wechat_48px.png */,
				B2D155651D6EE87600CCF174 /* weibo_48px.png */,
				B20D09391D6C80D000C650A5 /* adress_book_contacts.png */,
				B2EED7451D6C70C30053816C /* magnifier_32px.png */,
				B2EED7431D6C660C0053816C /* magnifier_32.png */,
				B2EED7411D6C65BC0053816C /* magnifier_48.png */,
				B2EED73F1D6C60FC0053816C /* magnifier.png */,
				B2E948711D7BB0110087838A /* message.png */,
				B2E948721D7BB0110087838A /* message@2x.png */,
				B24706471D50DACD00FBF7EB /* newsFeed@2x.png */,
				B24706481D50DACD00FBF7EB /* newsFeed@3x.png */,
				B2458DFD1D5DA3F200AF0815 /* man-noname.png */,
				B24706491D50DACD00FBF7EB /* market@2x.png */,
				B247064A1D50DACD00FBF7EB /* market@3x.png */,
				B247064B1D50DACD00FBF7EB /* me@2x.png */,
				B247064C1D50DACD00FBF7EB /* me@3x.png */,
				B247064D1D50DACD00FBF7EB /* watch@2x.png */,
				B247064E1D50DACD00FBF7EB /* watch@3x.png */,
			);
			path = resource;
			sourceTree = "<group>";
		};
		B2D1732F1D3CB29800FC128A /* utility */ = {
			isa = PBXGroup;
			children = (
				B2E9489E1D7D9D350087838A /* Tool.swift */,
			);
			path = utility;
			sourceTree = "<group>";
		};
		B2D173301D3CB29800FC128A /* view */ = {
			isa = PBXGroup;
			children = (
				B2458E091D5DB51000AF0815 /* faceCell.swift */,
				B2E948A11D7FAA800087838A /* NewsFeedTableViewCell.swift */,
				B2E9488C1D7C115B0087838A /* LiveTableViewCell.swift */,
				B297DB751D86E8C700A6426D /* FindTableViewCell.swift */,
				B2E948891D7C09300087838A /* HeadFaceTableViewCell.swift */,
				B2E9489B1D7C50190087838A /* LiveView.swift */,
				B296BA9F1D50E511004DE860 /* NewsTableViewCell.swift */,
				B2E948861D7BFB670087838A /* MoreTableViewCell.swift */,
				B20D09361D6C7DB500C650A5 /* MsgTableViewCell.swift */,
				B2E948831D7BF5E90087838A /* HeadLineTableViewCell.swift */,
				B20D09331D6C7D5D00C650A5 /* MarketTableViewCell.swift */,
				B2458E031D5DA6B100AF0815 /* SearchPeopleTableViewCell.swift */,
				B24706451D50D9A000FBF7EB /* TabbarController.swift */,
				B24706431D50D70700FBF7EB /* UIMacro.swift */,
			);
			path = view;
			sourceTree = "<group>";
		};
		B2D173361D3CC92100FC128A /* moneyiOSUITests */ = {
			isa = PBXGroup;
			children = (
				B2D173371D3CC92100FC128A /* moneyiOSUITests.swift */,
				B2D173391D3CC92100FC128A /* Info.plist */,
			);
			path = moneyiOSUITests;
			sourceTree = "<group>";
		};
		B2D173441D3CC9C000FC128A /* moneyiOSTests */ = {
			isa = PBXGroup;
			children = (
				B2D173451D3CC9C000FC128A /* moneyiOSTests.swift */,
				B2D1734D1D3CCAF000FC128A /* cfTest.swift */,
				B2D173471D3CC9C000FC128A /* Info.plist */,
			);
			path = moneyiOSTests;
			sourceTree = "<group>";
		};
/* End PBXGroup section */

/* Begin PBXNativeTarget section */
		B22FDC821D8FE07F005B0E86 /* UATmoneyiOS */ = {
			isa = PBXNativeTarget;
			buildConfigurationList = B22FDCD41D8FE07F005B0E86 /* Build configuration list for PBXNativeTarget "UATmoneyiOS" */;
			buildPhases = (
				B22FDC831D8FE07F005B0E86 /* [CP] Check Pods Manifest.lock */,
				B22FDC841D8FE07F005B0E86 /* Sources */,
				B22FDCAA1D8FE07F005B0E86 /* Frameworks */,
				B22FDCAD1D8FE07F005B0E86 /* Resources */,
				B22FDCD21D8FE07F005B0E86 /* [CP] Embed Pods Frameworks */,
				B22FDCD31D8FE07F005B0E86 /* [CP] Copy Pods Resources */,
				B20CFF551DA352AB0069FF37 /* ShellScript */,
			);
			buildRules = (
			);
			dependencies = (
			);
			name = UATmoneyiOS;
			productName = moneyiOS;
			productReference = B22FDCD71D8FE07F005B0E86 /* UATmoneyiOS.app */;
			productType = "com.apple.product-type.application";
		};
		B2D173101D3CA27C00FC128A /* moneyiOS */ = {
			isa = PBXNativeTarget;
			buildConfigurationList = B2D173261D3CA27D00FC128A /* Build configuration list for PBXNativeTarget "moneyiOS" */;
			buildPhases = (
				0D04BE848785BAB01E91CF3C /* [CP] Check Pods Manifest.lock */,
				B2D1730D1D3CA27C00FC128A /* Sources */,
				B2D1730E1D3CA27C00FC128A /* Frameworks */,
				B2D1730F1D3CA27C00FC128A /* Resources */,
				73109029A21216EF34CC9985 /* [CP] Embed Pods Frameworks */,
				4E43E5733B2C5A05E928E526 /* [CP] Copy Pods Resources */,
			);
			buildRules = (
			);
			dependencies = (
			);
			name = moneyiOS;
			productName = moneyiOS;
			productReference = B2D173111D3CA27C00FC128A /* moneyiOS.app */;
			productType = "com.apple.product-type.application";
		};
		B2D173341D3CC92100FC128A /* moneyiOSUITests */ = {
			isa = PBXNativeTarget;
			buildConfigurationList = B2D1733E1D3CC92200FC128A /* Build configuration list for PBXNativeTarget "moneyiOSUITests" */;
			buildPhases = (
				B2D173311D3CC92100FC128A /* Sources */,
				B2D173321D3CC92100FC128A /* Frameworks */,
				B2D173331D3CC92100FC128A /* Resources */,
			);
			buildRules = (
			);
			dependencies = (
				B2D1733B1D3CC92100FC128A /* PBXTargetDependency */,
			);
			name = moneyiOSUITests;
			productName = moneyiOSUITests;
			productReference = B2D173351D3CC92100FC128A /* moneyiOSUITests.xctest */;
			productType = "com.apple.product-type.bundle.ui-testing";
		};
		B2D173421D3CC9C000FC128A /* moneyiOSTests */ = {
			isa = PBXNativeTarget;
			buildConfigurationList = B2D1734A1D3CC9C000FC128A /* Build configuration list for PBXNativeTarget "moneyiOSTests" */;
			buildPhases = (
				B2D1733F1D3CC9C000FC128A /* Sources */,
				B2D173401D3CC9C000FC128A /* Frameworks */,
				B2D173411D3CC9C000FC128A /* Resources */,
			);
			buildRules = (
			);
			dependencies = (
				B2D173491D3CC9C000FC128A /* PBXTargetDependency */,
			);
			name = moneyiOSTests;
			productName = moneyiOSTests;
			productReference = B2D173431D3CC9C000FC128A /* moneyiOSTests.xctest */;
			productType = "com.apple.product-type.bundle.unit-test";
		};
/* End PBXNativeTarget section */

/* Begin PBXProject section */
		B2D173091D3CA27C00FC128A /* Project object */ = {
			isa = PBXProject;
			attributes = {
				LastSwiftUpdateCheck = 0720;
				LastUpgradeCheck = 0720;
				ORGANIZATIONNAME = "jam wang";
				TargetAttributes = {
					B22FDC821D8FE07F005B0E86 = {
						DevelopmentTeam = 7R8RS88G2M;
						ProvisioningStyle = Manual;
					};
					B2D173101D3CA27C00FC128A = {
						CreatedOnToolsVersion = 7.2;
						DevelopmentTeam = 7R8RS88G2M;
						LastSwiftMigration = 0800;
						ProvisioningStyle = Manual;
					};
					B2D173341D3CC92100FC128A = {
						CreatedOnToolsVersion = 7.2;
						DevelopmentTeam = money;
						TestTargetID = B2D173101D3CA27C00FC128A;
					};
					B2D173421D3CC9C000FC128A = {
						CreatedOnToolsVersion = 7.2;
						DevelopmentTeam = money;
						TestTargetID = B2D173101D3CA27C00FC128A;
					};
				};
			};
			buildConfigurationList = B2D1730C1D3CA27C00FC128A /* Build configuration list for PBXProject "moneyiOS" */;
			compatibilityVersion = "Xcode 3.2";
			developmentRegion = English;
			hasScannedForEncodings = 0;
			knownRegions = (
				en,
				Base,
			);
			mainGroup = B2D173081D3CA27C00FC128A;
			productRefGroup = B2D173121D3CA27C00FC128A /* Products */;
			projectDirPath = "";
			projectRoot = "";
			targets = (
				B2D173101D3CA27C00FC128A /* moneyiOS */,
				B2D173341D3CC92100FC128A /* moneyiOSUITests */,
				B2D173421D3CC9C000FC128A /* moneyiOSTests */,
				B22FDC821D8FE07F005B0E86 /* UATmoneyiOS */,
			);
		};
/* End PBXProject section */

/* Begin PBXResourcesBuildPhase section */
		B22FDCAD1D8FE07F005B0E86 /* Resources */ = {
			isa = PBXResourcesBuildPhase;
			buildActionMask = 2147483647;
			files = (
				B22FDCAE1D8FE07F005B0E86 /* camera_.png in Resources */,
				B22FDCAF1D8FE07F005B0E86 /* heart2.png in Resources */,
				B22FDCB01D8FE07F005B0E86 /* message@2x.png in Resources */,
				B22FDCB11D8FE07F005B0E86 /* me@3x.png in Resources */,
				B22FDCB21D8FE07F005B0E86 /* qq_48px.png in Resources */,
				B22FDCB31D8FE07F005B0E86 /* wechat.png in Resources */,
				B22FDCB41D8FE07F005B0E86 /* adress_book_contacts.png in Resources */,
				B22FDCB51D8FE07F005B0E86 /* me@2x.png in Resources */,
				B22FDCB61D8FE07F005B0E86 /* magnifier_32.png in Resources */,
				B22FDCB71D8FE07F005B0E86 /* Like_64.png in Resources */,
				B22FDCB81D8FE07F005B0E86 /* watch@2x.png in Resources */,
				B22FDCB91D8FE07F005B0E86 /* comment_48px.png in Resources */,
				B22FDCBA1D8FE07F005B0E86 /* magnifier_48.png in Resources */,
				B22FDCBB1D8FE07F005B0E86 /* config.geojson in Resources */,
				B22FDCBC1D8FE07F005B0E86 /* newsFeed@3x.png in Resources */,
				B22FDCBD1D8FE07F005B0E86 /* camera_72px.png in Resources */,
				B22FDCBE1D8FE07F005B0E86 /* newsFeed@2x.png in Resources */,
				B22FDCBF1D8FE07F005B0E86 /* comment.png in Resources */,
				B22FDCC01D8FE07F005B0E86 /* qq.png in Resources */,
				B22FDCC11D8FE07F005B0E86 /* LaunchScreen.storyboard in Resources */,
				B22FDCC21D8FE07F005B0E86 /* man-noname.png in Resources */,
				B22FDCC31D8FE07F005B0E86 /* heart3.png in Resources */,
				B22FDCC41D8FE07F005B0E86 /* message.png in Resources */,
				B22FDCC51D8FE07F005B0E86 /* weibo_48px.png in Resources */,
				B22FDCC61D8FE07F005B0E86 /* like.png in Resources */,
				B22FDCC71D8FE07F005B0E86 /* magnifier.png in Resources */,
				B22FDCC81D8FE07F005B0E86 /* follow_72px.png in Resources */,
				B22FDCC91D8FE07F005B0E86 /* market@3x.png in Resources */,
				B22FDCCA1D8FE07F005B0E86 /* Assets.xcassets in Resources */,
				B22FDCCB1D8FE07F005B0E86 /* weibo.png in Resources */,
				B22FDCCC1D8FE07F005B0E86 /* magnifier_32px.png in Resources */,
				B22FDCCD1D8FE07F005B0E86 /* market@2x.png in Resources */,
				B22FDCCE1D8FE07F005B0E86 /* watch@3x.png in Resources */,
				B22FDCCF1D8FE07F005B0E86 /* Person_add_72px.png in Resources */,
				B22FDCD01D8FE07F005B0E86 /* Main.storyboard in Resources */,
				B22FDCD11D8FE07F005B0E86 /* wechat_48px.png in Resources */,
			);
			runOnlyForDeploymentPostprocessing = 0;
		};
		B2D1730F1D3CA27C00FC128A /* Resources */ = {
			isa = PBXResourcesBuildPhase;
			buildActionMask = 2147483647;
			files = (
				B2E948811D7BC6B20087838A /* camera_.png in Resources */,
				B2E948A91D8015590087838A /* heart2.png in Resources */,
				B2E948751D7BB0110087838A /* message@2x.png in Resources */,
				B24706541D50DACD00FBF7EB /* me@3x.png in Resources */,
				B2D155621D6EE86100CCF174 /* qq_48px.png in Resources */,
				B2E948941D7C48AB0087838A /* wechat.png in Resources */,
				B20D093A1D6C80D000C650A5 /* adress_book_contacts.png in Resources */,
				B24706531D50DACD00FBF7EB /* me@2x.png in Resources */,
				B2EED7441D6C660C0053816C /* magnifier_32.png in Resources */,
				B2E948B41D8019300087838A /* Like_64.png in Resources */,
				B24706551D50DACD00FBF7EB /* watch@2x.png in Resources */,
				B2E948B71D801A1F0087838A /* comment_48px.png in Resources */,
				B2EED7421D6C65BC0053816C /* magnifier_48.png in Resources */,
				B2E27A401D56F16300D65A94 /* config.geojson in Resources */,
				B24706501D50DACD00FBF7EB /* newsFeed@3x.png in Resources */,
				B2E9487E1D7BC5460087838A /* camera_72px.png in Resources */,
				B247064F1D50DACD00FBF7EB /* newsFeed@2x.png in Resources */,
				B2E948B11D8019250087838A /* comment.png in Resources */,
				B2E948921D7C48AB0087838A /* qq.png in Resources */,
				B2D173221D3CA27D00FC128A /* LaunchScreen.storyboard in Resources */,
				B2458DFE1D5DA3F200AF0815 /* man-noname.png in Resources */,
				B2E948AB1D8015590087838A /* heart3.png in Resources */,
				B2E948731D7BB0110087838A /* message.png in Resources */,
				B2D155661D6EE87600CCF174 /* weibo_48px.png in Resources */,
				B2E948AE1D8017E20087838A /* like.png in Resources */,
				B2EED7401D6C60FC0053816C /* magnifier.png in Resources */,
				B213E3A71D82C2C200B9E4A5 /* follow_72px.png in Resources */,
				B24706521D50DACD00FBF7EB /* market@3x.png in Resources */,
				B2D1731F1D3CA27D00FC128A /* Assets.xcassets in Resources */,
				B2E948961D7C48AB0087838A /* weibo.png in Resources */,
				B2EED7461D6C70C30053816C /* magnifier_32px.png in Resources */,
				B24706511D50DACD00FBF7EB /* market@2x.png in Resources */,
				B24706561D50DACD00FBF7EB /* watch@3x.png in Resources */,
				B297DB791D86EC1E00A6426D /* Person_add_72px.png in Resources */,
				B2D1731A1D3CA27C00FC128A /* Main.storyboard in Resources */,
				B2D155641D6EE86C00CCF174 /* wechat_48px.png in Resources */,
			);
			runOnlyForDeploymentPostprocessing = 0;
		};
		B2D173331D3CC92100FC128A /* Resources */ = {
			isa = PBXResourcesBuildPhase;
			buildActionMask = 2147483647;
			files = (
			);
			runOnlyForDeploymentPostprocessing = 0;
		};
		B2D173411D3CC9C000FC128A /* Resources */ = {
			isa = PBXResourcesBuildPhase;
			buildActionMask = 2147483647;
			files = (
			);
			runOnlyForDeploymentPostprocessing = 0;
		};
/* End PBXResourcesBuildPhase section */

/* Begin PBXShellScriptBuildPhase section */
		0D04BE848785BAB01E91CF3C /* [CP] Check Pods Manifest.lock */ = {
			isa = PBXShellScriptBuildPhase;
			buildActionMask = 2147483647;
			files = (
			);
			inputPaths = (
			);
			name = "[CP] Check Pods Manifest.lock";
			outputPaths = (
			);
			runOnlyForDeploymentPostprocessing = 0;
			shellPath = /bin/sh;
			shellScript = "diff \"${PODS_ROOT}/../Podfile.lock\" \"${PODS_ROOT}/Manifest.lock\" > /dev/null\nif [[ $? != 0 ]] ; then\n    cat << EOM\nerror: The sandbox is not in sync with the Podfile.lock. Run 'pod install' or update your CocoaPods installation.\nEOM\n    exit 1\nfi\n";
			showEnvVarsInLog = 0;
		};
		4E43E5733B2C5A05E928E526 /* [CP] Copy Pods Resources */ = {
			isa = PBXShellScriptBuildPhase;
			buildActionMask = 2147483647;
			files = (
			);
			inputPaths = (
			);
			name = "[CP] Copy Pods Resources";
			outputPaths = (
			);
			runOnlyForDeploymentPostprocessing = 0;
			shellPath = /bin/sh;
			shellScript = "\"${SRCROOT}/Pods/Target Support Files/Pods-moneyiOS/Pods-moneyiOS-resources.sh\"\n";
			showEnvVarsInLog = 0;
		};
		73109029A21216EF34CC9985 /* [CP] Embed Pods Frameworks */ = {
			isa = PBXShellScriptBuildPhase;
			buildActionMask = 2147483647;
			files = (
			);
			inputPaths = (
			);
			name = "[CP] Embed Pods Frameworks";
			outputPaths = (
			);
			runOnlyForDeploymentPostprocessing = 0;
			shellPath = /bin/sh;
			shellScript = "\"${SRCROOT}/Pods/Target Support Files/Pods-moneyiOS/Pods-moneyiOS-frameworks.sh\"\n";
			showEnvVarsInLog = 0;
		};
		B20CFF551DA352AB0069FF37 /* ShellScript */ = {
			isa = PBXShellScriptBuildPhase;
			buildActionMask = 2147483647;
			files = (
			);
			inputPaths = (
			);
			outputPaths = (
			);
			runOnlyForDeploymentPostprocessing = 0;
			shellPath = /bin/sh;
			shellScript = "#!/bin/sh\n#\n# Copyright 2016 Bugly, Tencent. All rights reserved.\n#\n# V1.4.0\n#\n# 2016.08.03\n#\n#\n#\n######################################################\n# 1. 脚本集成到Xcode工程的Target\n######################################################\n#\n# --- Copy the SCRIPT to the Run Script of Build Phases in the Xcode project ---\n#\n# #\nBUGLY_APP_ID=\"87e6825c9b\"\n# #\nBUGLY_APP_KEY=\"5b8710d1-7383-4ffd-9faa-5513ad7f6422\"\n# #\nBUNDLE_IDENTIFIER=\"com.wanghan.money\"\n# #\nUPLOAD_DSYM_ONLY=1\n#\n# # 脚本默认配置的版本格式为CFBundleShortVersionString(CFBundleVersion),  如果你修改默认的版本格式, 请设置此变量, 如果不想修改, 请忽略此设置\n# CUSTOMIZED_APP_VERSION=\"\"\n#\n# # Debug模式编译是否上传，1＝上传 0＝不上传，默认不上传\nUPLOAD_DEBUG_SYMBOLS=1\n#\n# # 模拟器编译是否上传，1=上传 0=不上传，默认不上传\n# UPLOAD_SIMULATOR_SYMBOLS=0\n#\n# #只有Archive操作时上传, 1=支持Archive上传 0=所有Release模式编译都上传\nUPLOAD_ARCHIVE_ONLY=1\n#\n# #\n# source dSYMUpload.sh\n#\n# --- END OF SCRIPT ---\n#\n#\n#\n#\n#######################################################\n# 2. 脚本根据输入参数处理\n#######################################################\n#\n# #命令行下输入应用基本信息, .dSYM文件的父目录路径, 输出文件目录即可\n#\n# sh dSYMUpload.sh <bugly_app_id> <bugly_app_key> <app_bundle_identifier> <app_version> <dSYM_src_dir> <bSYMBOL_dest_dir>\n#\n# #\n#\n# #注意:\n# # 1. dSYMUpload.sh会调用buglySymboliOS.jar进行.dSYM解析，所以依赖Java运行时环境\n# # 2. dSYMUpload.sh和buglySymboliOS.jar的文件路径需一致\n#\n#\n\n#\n# --- CONTENT OF SCRIPT ---\n#\n\n# Bugly服务域名\nBUGLY_DSYM_UPLOAD_DOMAIN=\"api.bugly.qq.com\"\n\n# 注意jar工具的路径跟dSYMUpload.sh脚本路径一致, 请务必保证jar路径的正确性\nBUGLY_SYMBOL_JAR_PATH=\"dsymtool/buglySymboliOS.jar\"\n# 查找添加到系统目录的jar工具\nif [ ! -f \"${BUGLY_SYMBOL_JAR_PATH}\" ]; then\nBUGLY_SYMBOL_JAR_PATH=\"$HOME/bin/buglySymboliOS.jar\"\nfi\n\n# 打印错误信息\nfunction exitWithMessage(){\n    echo \"--------------------------------\"\n    echo \"${1}\"\n    echo \"--------------------------------\"\n    exit ${2}\n}\n\n# 上传bSYMBOL文件\nfunction dSYMUpload() {\n    P_APP_ID=\"$1\"\n    P_APP_KEY=\"$2\"\n    P_APP_BUNDLE_ID=\"$3\"\n    P_APP_VERSION=\"$4\"\n    P_BSYMBOL_ZIP_FILE=\"$5\"\n    \n    #\n    P_BSYMBOL_ZIP_FILE_NAME=${P_BSYMBOL_ZIP_FILE##*/}\n        P_BSYMBOL_ZIP_FILE_NAME=${P_BSYMBOL_ZIP_FILE_NAME//&/_}\n            P_BSYMBOL_ZIP_FILE_NAME=\"${P_BSYMBOL_ZIP_FILE_NAME// /_}\"\n            \n            DSYM_UPLOAD_URL=\"https://${BUGLY_DSYM_UPLOAD_DOMAIN}/openapi/file/upload/symbol?app_id=${P_APP_ID}&app_key=${P_APP_KEY}\"\n            echo \"dSYM upload url: ${DSYM_UPLOAD_URL}\"\n            \n            echo \"-----------------------------\"\n            STATUS=$(/usr/bin/curl -k \"${DSYM_UPLOAD_URL}\" --form \"api_version=1\" --form \"app_id=${P_APP_ID}\" --form \"app_key=${P_APP_KEY}\" --form \"symbolType=2\"  --form \"bundleId=${BUNDLE_IDENTIFIER}\" --form \"productVersion=${BUGLY_APP_VERSION}\" --form \"fileName=${P_BSYMBOL_ZIP_FILE_NAME}\" --form \"file=@${P_BSYMBOL_ZIP_FILE}\" --verbose)\n            echo \"-----------------------------\"\n            \n            UPLOAD_RESULT=\"FAILTURE\"\n            echo \"Bugly server response: ${STATUS}\"\n            if [ ! \"${STATUS}\" ]; then\n            echo \"Error: Failed to upload the zip archive file.\"\n            elif [[ \"${STATUS}\" == *\"{\\\"reponseCode\\\":\\\"0\\\"}\"* ]]; then\n            echo \"Success to upload the dSYM for the app [${BUNDLE_IDENTIFIER} ${BUGLY_APP_VERSION}]\"\n            UPLOAD_RESULT=\"SUCCESS\"\n            else\n            echo \"Error: Failed to upload the zip archive file to Bugly.\"\n            fi\n            \n            #Remove temp dSYM archive\n            #echo \"Remove temporary zip archive: ${DSYM_ZIP_FPATH}\"\n            #/bin/rm -f \"${DSYM_ZIP_FPATH}\"\n            \n            if [ \"$?\" -ne 0 ]; then\n            exitWithMessage \"Error: Failed to remove temporary zip archive.\" 0\n            fi\n            \n            echo \"--------------------------------\"\n            echo \"${UPLOAD_RESULT} - dSYM upload complete.\"\n            \n            if [[ \"${UPLOAD_RESULT}\" == \"FAILTURE\" ]]; then\n            echo \"--------------------------------\"\n            echo \"Failed to upload the dSYM\"\n            echo \"Please check the script and try it again.\"\n            fi\n        }\n        \n        # .dSYM解析为bSYMBOL文件\n        function dSYMParse() {\n            DSYM_FILE=\"$1\"\n            DSYM_SYMBOL_FILE=\"$2\"\n            \n            echo \"--------------------------------\"\n            echo \"Extract symbol info from .dSYM file. to ${DSYM_SYMBOL_FILE}\"\n            (/usr/bin/java -Xms512m -Xmx1024m -Dfile.encoding=UTF8 -jar \"${BUGLY_SYMBOL_JAR_PATH}\" -i \"${DSYM_FILE}\" -o \"${DSYM_SYMBOL_FILE}\" ) || exitWithMessage \"Error: Failed to extract symbols.\" 1\n            echo \"--------------------------------\"\n            \n        }\n        \n        # 执行\n        function run() {\n            \n            CONFIG_BUGLY_APP_ID=\"$1\"\n            CONFIG_BUGLY_APP_KEY=\"$2\"\n            \n            CONFIG_BUGLY_APP_BUNDLE_IDENTIFIER=\"$3\"\n            CONFIG_BUGLY_APP_VERSION=\"$4\"\n            CONFIG_DSYM_SOURCE_DIR=\"$5\"\n            CONFIG_DSYM_DEST_DIR=\"$6\"\n            CONFIG_UPLOAD_DSYM_ONLY=\"$7\"\n            \n            # 检查必须参数是否设置\n            if [ ! \"${CONFIG_BUGLY_APP_ID}\" ]; then\n            exitWithMessage \"Error: Bugly App ID not defined. Please set 'BUGLY_APP_ID' \" 0\n            fi\n            \n            if [[ \"${CONFIG_BUGLY_APP_ID}\" == *\"App ID\"* ]]; then\n            exitWithMessage \"Error: Bugly App ID not defined.\" 0\n            fi\n            \n            if [ ! \"${CONFIG_BUGLY_APP_KEY}\" ]; then\n            exitWithMessage \"Error: Bugly App Key not defined.\" 0\n            fi\n            \n            if [ ! \"${CONFIG_BUGLY_APP_BUNDLE_IDENTIFIER}\" ]; then\n            exitWithMessage \"Error: Bundle Identifier not defined.\" 0\n            fi\n            \n            if [ ! \"${CONFIG_BUGLY_APP_VERSION}\" ]; then\n            exitWithMessage \"Error: App Version not defined.\" 0\n            fi\n            \n            if [ ! -e \"${CONFIG_DSYM_SOURCE_DIR}\" ]; then\n            exitWithMessage \"Error: Invalid dir ${CONFIG_DSYM_SOURCE_DIR}\" 0\n            fi\n            \n            if [ ! \"${CONFIG_DSYM_DEST_DIR}\" ]; then\n            exitWithMessage \"Error: Invalid dir ${CONFIG_DSYM_DEST_DIR}\" 0\n            fi\n            \n            if [ ! -e \"${CONFIG_DSYM_DEST_DIR}\" ]; then\n            mkdir ${CONFIG_DSYM_DEST_DIR}\n            fi\n            \n            DSYM_FOLDER=\"${CONFIG_DSYM_SOURCE_DIR}\"\n            IFS=$'\\n'\n            \n            echo \"Scaning dSYM FOLDER: ${DSYM_FOLDER} ...\"\n            RET=\"F\"\n            \n            #\n            for dsymFile in $(find \"$DSYM_FOLDER\" -name '*.dSYM'); do\n            RET=\"T\"\n            echo \"Found dSYM file: $dsymFile\"\n            \n            DSYM_FILE_NAME=${dsymFile##*/}\n                DSYM_SYMBOL_ZIP_FILE_NAME=\"${DSYM_FILE_NAME}.zip\"\n                DSYM_SYMBOL_ZIP_FILE_NAME=\"${DSYM_SYMBOL_ZIP_FILE_NAME// /_}\"\n                DSYM_SYMBOL_ZIP_FILE=${CONFIG_DSYM_DEST_DIR}/${DSYM_SYMBOL_ZIP_FILE_NAME}\n                \n                if [ $CONFIG_UPLOAD_DSYM_ONLY -eq 1 ]; then\n                if [ -e $DSYM_SYMBOL_ZIP_FILE ]; then\n                rm -f $DSYM_SYMBOL_ZIP_FILE\n                fi\n                # 如果只上传dSYM，直接压缩dSYM目录\n                zip -r -j $DSYM_SYMBOL_ZIP_FILE $dsymFile -x *.plist\n                else\n                # 使用符号表工具来生成Symbol文件\n                dSYMParse $dsymFile $DSYM_SYMBOL_ZIP_FILE\n                fi\n                \n                # 上传\n                dSYMUpload $CONFIG_BUGLY_APP_ID $CONFIG_BUGLY_APP_KEY $CONFIG_BUGLY_APP_BUNDLE_IDENTIFIER $CONFIG_BUGLY_APP_VERSION $DSYM_SYMBOL_ZIP_FILE\n                done\n                \n                if [ $RET = \"F\" ]; then\n                exitWithMessage \"No .dSYM found in ${DSYM_FOLDER}\" 0\n                fi\n            }\n            \n            # 在Xcode工程中执行\n            function runInXcode(){\n                echo \"Uploading dSYM to Bugly in Xcode ...\"\n                \n                echo \"Info.Plist : ${INFOPLIST_FILE}\"\n                \n                BUNDLE_VERSION=$(/usr/libexec/PlistBuddy -c 'Print CFBundleVersion' \"${INFOPLIST_FILE}\")\n                BUNDLE_SHORT_VERSION=$(/usr/libexec/PlistBuddy -c 'Print CFBundleShortVersionString' \"${INFOPLIST_FILE}\")\n                \n                # 组装Bugly默认识别的版本信息(格式为CFBundleShortVersionString(CFBundleVersion), 例如: 1.0(1))\n                if [ ! \"${CUSTOMIZED_APP_VERSION}\" ]; then\n                BUGLY_APP_VERSION=\"${BUNDLE_SHORT_VERSION}(${BUNDLE_VERSION})\"\n                else\n                BUGLY_APP_VERSION=\"${CUSTOMIZED_APP_VERSION}\"\n                fi\n                \n                echo \"--------------------------------\"\n                echo \"Prepare application information.\"\n                echo \"--------------------------------\"\n                \n                echo \"Product Name: ${PRODUCT_NAME}\"\n                echo \"Bundle Identifier: ${BUNDLE_IDENTIFIER}\"\n                echo \"Version: ${BUNDLE_SHORT_VERSION}\"\n                echo \"Build: ${BUNDLE_VERSION}\"\n                \n                echo \"Bugly App ID: ${BUGLY_APP_ID}\"\n                echo \"Bugly App key: ${BUGLY_APP_KEY}\"\n                echo \"Bugly App Version: ${BUGLY_APP_VERSION}\"\n                \n                echo \"--------------------------------\"\n                echo \"Check the arguments ...\"\n                \n                ##检查模拟器编译是否允许上传符号\n                if [ \"$EFFECTIVE_PLATFORM_NAME\" == \"-iphonesimulator\" ]; then\n                if [ $UPLOAD_SIMULATOR_SYMBOLS -eq 0 ]; then\n                exitWithMessage \"Warning: Build for simulator and skipping to upload. \\nYou can modify 'UPLOAD_SIMULATOR_SYMBOLS' to 1 in the script.\" 0\n                fi\n                fi\n                \n                ##检查是否是Release模式编译\n                if [ \"${CONFIGURATION=}\" == \"Debug\" ]; then\n                if [ $UPLOAD_DEBUG_SYMBOLS -eq 0 ]; then\n                exitWithMessage \"Warning: Build for debug mode and skipping to upload. \\nYou can modify 'UPLOAD_DEBUG_SYMBOLS' to 1 in the script.\" 0\n                fi\n                fi\n                \n                ##检查是否Archive操作\n                if [ $UPLOAD_ARCHIVE_ONLY -eq 1 ]; then\n                if [[ \"$TARGET_BUILD_DIR\" == *\"/Archive\"* ]]; then\n                echo \"Archive the package\"\n                else\n                exitWithMessage \"Warning: Build for NOT Archive mode and skipping to upload. \\nYou can modify 'UPLOAD_ARCHIVE_ONLY' to 0 in the script.\" 0\n                fi\n                fi\n                \n                #\n                run ${BUGLY_APP_ID} ${BUGLY_APP_KEY} ${BUNDLE_IDENTIFIER} ${BUGLY_APP_VERSION} ${DWARF_DSYM_FOLDER_PATH} ${BUILD_DIR}/BuglySymbolTemp ${UPLOAD_DSYM_ONLY}\n            }\n            \n            # 根据Xcode的环境变量判断是否处于Xcode环境\n            INFO_PLIST_FILE=\"${INFOPLIST_FILE}\"\n            \n            BuildInXcode=\"F\"\n            if [ -f \"${INFO_PLIST_FILE}\" ]; then\n            BuildInXcode=\"T\"\n            fi\n            \n            if [ $BuildInXcode = \"T\" ]; then\n            runInXcode\n            else\n            echo \"\\nUsage: dSYMUpload.sh <bugly_app_id> <bugly_app_key> <app_bundle_identifier> <app_version> <dSYM_src_dir> <bSYMBOL_dest_dir> [upload_dsym_only]\\n\"\n            # 你可以在此处直接设置BuglyAppID和BuglyAppKey，排除不常变参数的输入\n            BUGLY_APP_ID=\"$1\"\n            BUGLY_APP_KEY=\"$2\"\n            BUNDLE_IDENTIFIER=\"$3\"\n            BUGLY_APP_VERSION=\"$4\"\n            DWARF_DSYM_FOLDER_PATH=\"$5\"\n            SYMBOL_OUTPUT_PATH=\"$6\"\n            UPLOAD_DSYM_ONLY=$7\n            run ${BUGLY_APP_ID} ${BUGLY_APP_KEY} ${BUNDLE_IDENTIFIER} ${BUGLY_APP_VERSION} ${DWARF_DSYM_FOLDER_PATH} ${SYMBOL_OUTPUT_PATH} ${UPLOAD_DSYM_ONLY}\n            fi";
		};
		B22FDC831D8FE07F005B0E86 /* [CP] Check Pods Manifest.lock */ = {
			isa = PBXShellScriptBuildPhase;
			buildActionMask = 2147483647;
			files = (
			);
			inputPaths = (
			);
			name = "[CP] Check Pods Manifest.lock";
			outputPaths = (
			);
			runOnlyForDeploymentPostprocessing = 0;
			shellPath = /bin/sh;
			shellScript = "diff \"${PODS_ROOT}/../Podfile.lock\" \"${PODS_ROOT}/Manifest.lock\" > /dev/null\nif [[ $? != 0 ]] ; then\n    cat << EOM\nerror: The sandbox is not in sync with the Podfile.lock. Run 'pod install' or update your CocoaPods installation.\nEOM\n    exit 1\nfi\n";
			showEnvVarsInLog = 0;
		};
		B22FDCD21D8FE07F005B0E86 /* [CP] Embed Pods Frameworks */ = {
			isa = PBXShellScriptBuildPhase;
			buildActionMask = 2147483647;
			files = (
			);
			inputPaths = (
			);
			name = "[CP] Embed Pods Frameworks";
			outputPaths = (
			);
			runOnlyForDeploymentPostprocessing = 0;
			shellPath = /bin/sh;
			shellScript = "\"${SRCROOT}/Pods/Target Support Files/Pods-moneyiOS/Pods-moneyiOS-frameworks.sh\"\n";
			showEnvVarsInLog = 0;
		};
		B22FDCD31D8FE07F005B0E86 /* [CP] Copy Pods Resources */ = {
			isa = PBXShellScriptBuildPhase;
			buildActionMask = 2147483647;
			files = (
			);
			inputPaths = (
			);
			name = "[CP] Copy Pods Resources";
			outputPaths = (
			);
			runOnlyForDeploymentPostprocessing = 0;
			shellPath = /bin/sh;
			shellScript = "\"${SRCROOT}/Pods/Target Support Files/Pods-moneyiOS/Pods-moneyiOS-resources.sh\"\n";
			showEnvVarsInLog = 0;
		};
/* End PBXShellScriptBuildPhase section */

/* Begin PBXSourcesBuildPhase section */
		B22FDC841D8FE07F005B0E86 /* Sources */ = {
			isa = PBXSourcesBuildPhase;
			buildActionMask = 2147483647;
			files = (
				B22FDC851D8FE07F005B0E86 /* FindTableViewController.swift in Sources */,
				B22FDC861D8FE07F005B0E86 /* MsgTableViewController.swift in Sources */,
				B22FDC871D8FE07F005B0E86 /* HeadLineTableViewCell.swift in Sources */,
				B22FDC881D8FE07F005B0E86 /* NewsModel.swift in Sources */,
				B22FDC891D8FE07F005B0E86 /* Tool.swift in Sources */,
				B22FDC8A1D8FE07F005B0E86 /* MarketTableViewController.swift in Sources */,
				B22FDC8B1D8FE07F005B0E86 /* NewsFeedViewCtrl.swift in Sources */,
				B22FDC8C1D8FE07F005B0E86 /* SearchPeopleTableViewCtrl.swift in Sources */,
				B22FDC8D1D8FE07F005B0E86 /* TradeTableViewController.swift in Sources */,
				B22FDC8E1D8FE07F005B0E86 /* MoreTableViewCell.swift in Sources */,
				B22FDC8F1D8FE07F005B0E86 /* ConfigAccess.swift in Sources */,
				B22FDC901D8FE07F005B0E86 /* UIMacro.swift in Sources */,
				B22FDC911D8FE07F005B0E86 /* NewsAPI.swift in Sources */,
				B22FDC921D8FE07F005B0E86 /* MarketModel.swift in Sources */,
				B22FDC931D8FE07F005B0E86 /* returnValue.swift in Sources */,
				B22FDC941D8FE07F005B0E86 /* NewsTableViewCell.swift in Sources */,
				B22FDC951D8FE07F005B0E86 /* SearchPeopleTableViewCell.swift in Sources */,
				B22FDC961D8FE07F005B0E86 /* TabbarController.swift in Sources */,
				B22FDC971D8FE07F005B0E86 /* NewsTableViewController.swift in Sources */,
				B22FDC981D8FE07F005B0E86 /* MsgModel.swift in Sources */,
				B22FDC991D8FE07F005B0E86 /* LiveTableViewCell.swift in Sources */,
				B22FDC9A1D8FE07F005B0E86 /* MarketViewController.swift in Sources */,
				B22FDC9B1D8FE07F005B0E86 /* UserModel.swift in Sources */,
				B22FDC9C1D8FE07F005B0E86 /* FindTableViewCell.swift in Sources */,
				B22FDC9D1D8FE07F005B0E86 /* NewsViewCtrl.swift in Sources */,
				B22FDC9E1D8FE07F005B0E86 /* faceCell.swift in Sources */,
				B22FDC9F1D8FE07F005B0E86 /* MsgTableViewCell.swift in Sources */,
				B22FDCA01D8FE07F005B0E86 /* NewsFeedModel.swift in Sources */,
				B22FDCA11D8FE07F005B0E86 /* HeadFaceTableViewCell.swift in Sources */,
				B22FDCA21D8FE07F005B0E86 /* LiveView.swift in Sources */,
				B22FDCA31D8FE07F005B0E86 /* NewsFeedTableViewCell.swift in Sources */,
				B22FDCA41D8FE07F005B0E86 /* moneyiOS.xcdatamodeld in Sources */,
				B22FDCA51D8FE07F005B0E86 /* LiveModel.swift in Sources */,
				B22FDCA61D8FE07F005B0E86 /* AppDelegate.swift in Sources */,
				B22FDCA71D8FE07F005B0E86 /* UserDetailTableViewController.swift in Sources */,
				B22FDCA81D8FE07F005B0E86 /* SignInViewController.swift in Sources */,
				B22FDCA91D8FE07F005B0E86 /* MarketTableViewCell.swift in Sources */,
			);
			runOnlyForDeploymentPostprocessing = 0;
		};
		B2D1730D1D3CA27C00FC128A /* Sources */ = {
			isa = PBXSourcesBuildPhase;
			buildActionMask = 2147483647;
			files = (
				B297DB731D86E86D00A6426D /* FindTableViewController.swift in Sources */,
				B2458DF81D5D992500AF0815 /* MsgTableViewController.swift in Sources */,
				B2E948841D7BF5E90087838A /* HeadLineTableViewCell.swift in Sources */,
				B296BAA21D50E54A004DE860 /* NewsModel.swift in Sources */,
				B2E9489F1D7D9D350087838A /* Tool.swift in Sources */,
				B2E27A441D571BCE00D65A94 /* MarketTableViewController.swift in Sources */,
				B2E9487B1D7BBDFB0087838A /* NewsFeedViewCtrl.swift in Sources */,
				B2458DFB1D5D993700AF0815 /* SearchPeopleTableViewCtrl.swift in Sources */,
				B2458C421D59752A00AF0815 /* TradeTableViewController.swift in Sources */,
				B2E948871D7BFB670087838A /* MoreTableViewCell.swift in Sources */,
				B296BAA91D56DCA7004DE860 /* ConfigAccess.swift in Sources */,
				B24706441D50D70700FBF7EB /* UIMacro.swift in Sources */,
				B296BAA51D50ECB0004DE860 /* NewsAPI.swift in Sources */,
				B2E27A481D57229200D65A94 /* MarketModel.swift in Sources */,
				B2D155741D767D0800CCF174 /* returnValue.swift in Sources */,
				B296BAA01D50E511004DE860 /* NewsTableViewCell.swift in Sources */,
				B2458E041D5DA6B100AF0815 /* SearchPeopleTableViewCell.swift in Sources */,
				B24706461D50D9A000FBF7EB /* TabbarController.swift in Sources */,
				B296BA9A1D50E163004DE860 /* NewsTableViewController.swift in Sources */,
				B297DB7C1D87DA4A00A6426D /* MsgModel.swift in Sources */,
				B2E9488D1D7C115B0087838A /* LiveTableViewCell.swift in Sources */,
				B2E27A421D570DB900D65A94 /* MarketViewController.swift in Sources */,
				B2458E011D5DA54100AF0815 /* UserModel.swift in Sources */,
				B297DB761D86E8C700A6426D /* FindTableViewCell.swift in Sources */,
				B247065C1D50DE5D00FBF7EB /* NewsViewCtrl.swift in Sources */,
				B2458E0A1D5DB51000AF0815 /* faceCell.swift in Sources */,
				B20D09371D6C7DB500C650A5 /* MsgTableViewCell.swift in Sources */,
				B2E948A51D7FAC580087838A /* NewsFeedModel.swift in Sources */,
				B2E9488A1D7C09300087838A /* HeadFaceTableViewCell.swift in Sources */,
				B2E9489C1D7C50190087838A /* LiveView.swift in Sources */,
				B2E948A21D7FAA800087838A /* NewsFeedTableViewCell.swift in Sources */,
				B2D1731D1D3CA27C00FC128A /* moneyiOS.xcdatamodeld in Sources */,
				B2E948991D7C4ED50087838A /* LiveModel.swift in Sources */,
				B2D173151D3CA27C00FC128A /* AppDelegate.swift in Sources */,
				B2458E071D5DB2B600AF0815 /* UserDetailTableViewController.swift in Sources */,
				B20D093D1D6DE92D00C650A5 /* SignInViewController.swift in Sources */,
				B20D09341D6C7D5D00C650A5 /* MarketTableViewCell.swift in Sources */,
			);
			runOnlyForDeploymentPostprocessing = 0;
		};
		B2D173311D3CC92100FC128A /* Sources */ = {
			isa = PBXSourcesBuildPhase;
			buildActionMask = 2147483647;
			files = (
				B2D173551D3CCD5A00FC128A /* cfTest.swift in Sources */,
				B2D173381D3CC92100FC128A /* moneyiOSUITests.swift in Sources */,
			);
			runOnlyForDeploymentPostprocessing = 0;
		};
		B2D1733F1D3CC9C000FC128A /* Sources */ = {
			isa = PBXSourcesBuildPhase;
			buildActionMask = 2147483647;
			files = (
				B2D173561D3CCD5A00FC128A /* cfTest.swift in Sources */,
				B2D173461D3CC9C000FC128A /* moneyiOSTests.swift in Sources */,
			);
			runOnlyForDeploymentPostprocessing = 0;
		};
/* End PBXSourcesBuildPhase section */

/* Begin PBXTargetDependency section */
		B2D1733B1D3CC92100FC128A /* PBXTargetDependency */ = {
			isa = PBXTargetDependency;
			target = B2D173101D3CA27C00FC128A /* moneyiOS */;
			targetProxy = B2D1733A1D3CC92100FC128A /* PBXContainerItemProxy */;
		};
		B2D173491D3CC9C000FC128A /* PBXTargetDependency */ = {
			isa = PBXTargetDependency;
			target = B2D173101D3CA27C00FC128A /* moneyiOS */;
			targetProxy = B2D173481D3CC9C000FC128A /* PBXContainerItemProxy */;
		};
/* End PBXTargetDependency section */

/* Begin PBXVariantGroup section */
		B2D173181D3CA27C00FC128A /* Main.storyboard */ = {
			isa = PBXVariantGroup;
			children = (
				B2D173191D3CA27C00FC128A /* Base */,
			);
			name = Main.storyboard;
			sourceTree = "<group>";
		};
		B2D173201D3CA27D00FC128A /* LaunchScreen.storyboard */ = {
			isa = PBXVariantGroup;
			children = (
				B2D173211D3CA27D00FC128A /* Base */,
			);
			name = LaunchScreen.storyboard;
			sourceTree = "<group>";
		};
/* End PBXVariantGroup section */

/* Begin XCBuildConfiguration section */
		B22FDCD51D8FE07F005B0E86 /* Debug */ = {
			isa = XCBuildConfiguration;
			buildSettings = {
				ASSETCATALOG_COMPILER_APPICON_NAME = AppIcon;
				CODE_SIGN_IDENTITY = "iPhone Developer: jam wang (S7GN5K6W2H)";
				"CODE_SIGN_IDENTITY[sdk=iphoneos*]" = "iPhone Developer: jam wang (S7GN5K6W2H)";
				CONFIGURATION_BUILD_DIR = "$(BUILD_DIR)/$(CONFIGURATION)$(EFFECTIVE_PLATFORM_NAME)";
				DEVELOPMENT_TEAM = 7R8RS88G2M;
				FRAMEWORK_SEARCH_PATHS = (
					"$(inherited)",
					"$(PROJECT_DIR)/moneyiOS",
				);
				GCC_PREPROCESSOR_DEFINITIONS = (
					"$(inherited)",
					"COCOAPODS=1",
					"UAT=1",
				);
				INFOPLIST_FILE = "moneyiOS copy3-Info.plist";
				LD_RUNPATH_SEARCH_PATHS = "$(inherited) @executable_path/Frameworks";
				OTHER_LDFLAGS = "-ObjC";
				OTHER_SWIFT_FLAGS = "$(inherited) \"-D\" \"COCOAPODS\" \"-D\" \"UAT\"";
				PRODUCT_BUNDLE_IDENTIFIER = com.wanghan.money;
				PRODUCT_NAME = "$(TARGET_NAME)";
				PROVISIONING_PROFILE = "b89e7692-f965-4a1b-be1f-2b7b844596a7";
				PROVISIONING_PROFILE_SPECIFIER = moneyDev;
				SWIFT_OBJC_BRIDGING_HEADER = "$(SRCROOT)/$(PROJECT_NAME)/$(PROJECT_NAME)-Bridging-Header.h";
				SWIFT_VERSION = 3.0;
			};
			name = Debug;
		};
		B22FDCD61D8FE07F005B0E86 /* Release */ = {
			isa = XCBuildConfiguration;
			buildSettings = {
				ASSETCATALOG_COMPILER_APPICON_NAME = AppIcon;
				CODE_SIGN_IDENTITY = "iPhone Developer: jam wang (S7GN5K6W2H)";
				"CODE_SIGN_IDENTITY[sdk=iphoneos*]" = "iPhone Developer: jam wang (S7GN5K6W2H)";
				DEVELOPMENT_TEAM = 7R8RS88G2M;
				FRAMEWORK_SEARCH_PATHS = (
					"$(inherited)",
					"$(PROJECT_DIR)/build/Debug-iphoneos",
					"$(PROJECT_DIR)/moneyiOS",
				);
				GCC_PREPROCESSOR_DEFINITIONS = (
					"$(inherited)",
					"COCOAPODS=1",
					"UAT=1",
				);
				INFOPLIST_FILE = "moneyiOS copy3-Info.plist";
				LD_RUNPATH_SEARCH_PATHS = "$(inherited) @executable_path/Frameworks";
				OTHER_LDFLAGS = "-ObjC";
				OTHER_SWIFT_FLAGS = "$(inherited) \"-D\" \"COCOAPODS\" \"-D\" \"UAT\"";
				PRODUCT_BUNDLE_IDENTIFIER = com.wanghan.money;
				PRODUCT_NAME = "$(TARGET_NAME)";
				PROVISIONING_PROFILE = "b89e7692-f965-4a1b-be1f-2b7b844596a7";
				PROVISIONING_PROFILE_SPECIFIER = moneyDev;
				SWIFT_OBJC_BRIDGING_HEADER = "$(SRCROOT)/$(PROJECT_NAME)/$(PROJECT_NAME)-Bridging-Header.h";
				SWIFT_VERSION = 3.0;
			};
			name = Release;
		};
		B2D173241D3CA27D00FC128A /* Debug */ = {
			isa = XCBuildConfiguration;
			baseConfigurationReference = 071F84D32E988F20775DFDC4 /* Pods-moneyiOS.debug.xcconfig */;
			buildSettings = {
				ALWAYS_SEARCH_USER_PATHS = NO;
				CLANG_CXX_LANGUAGE_STANDARD = "gnu++0x";
				CLANG_CXX_LIBRARY = "libc++";
				CLANG_ENABLE_MODULES = YES;
				CLANG_ENABLE_OBJC_ARC = YES;
				CLANG_WARN_BOOL_CONVERSION = YES;
				CLANG_WARN_CONSTANT_CONVERSION = YES;
				CLANG_WARN_DIRECT_OBJC_ISA_USAGE = YES_ERROR;
				CLANG_WARN_EMPTY_BODY = YES;
				CLANG_WARN_ENUM_CONVERSION = YES;
				CLANG_WARN_INT_CONVERSION = YES;
				CLANG_WARN_OBJC_ROOT_CLASS = YES_ERROR;
				CLANG_WARN_UNREACHABLE_CODE = YES;
				CLANG_WARN__DUPLICATE_METHOD_MATCH = YES;
				CODE_SIGN_IDENTITY = "iPhone Developer: jam wang (S7GN5K6W2H)";
				"CODE_SIGN_IDENTITY[sdk=iphoneos*]" = "iPhone Developer: jam wang (S7GN5K6W2H)";
				COPY_PHASE_STRIP = NO;
				DEBUG_INFORMATION_FORMAT = dwarf;
				DEVELOPMENT_TEAM = money;
				ENABLE_STRICT_OBJC_MSGSEND = YES;
				ENABLE_TESTABILITY = YES;
				GCC_C_LANGUAGE_STANDARD = gnu99;
				GCC_DYNAMIC_NO_PIC = NO;
				GCC_NO_COMMON_BLOCKS = YES;
				GCC_OPTIMIZATION_LEVEL = 0;
				GCC_PREPROCESSOR_DEFINITIONS = (
					"DEBUG=1",
					"$(inherited)",
				);
				GCC_WARN_64_TO_32_BIT_CONVERSION = YES;
				GCC_WARN_ABOUT_RETURN_TYPE = YES_ERROR;
				GCC_WARN_UNDECLARED_SELECTOR = YES;
				GCC_WARN_UNINITIALIZED_AUTOS = YES_AGGRESSIVE;
				GCC_WARN_UNUSED_FUNCTION = YES;
				GCC_WARN_UNUSED_VARIABLE = YES;
				IPHONEOS_DEPLOYMENT_TARGET = 9.2;
				MTL_ENABLE_DEBUG_INFO = YES;
				ONLY_ACTIVE_ARCH = YES;
				PROVISIONING_PROFILE = "b89e7692-f965-4a1b-be1f-2b7b844596a7";
				PROVISIONING_PROFILE_SPECIFIER = "";
				"PROVISIONING_PROFILE_SPECIFIER[sdk=*]" = "";
				SDKROOT = iphoneos;
				SWIFT_OPTIMIZATION_LEVEL = "-Onone";
				SWIFT_VERSION = 3.0;
			};
			name = Debug;
		};
		B2D173251D3CA27D00FC128A /* Release */ = {
			isa = XCBuildConfiguration;
			baseConfigurationReference = 1BD34F029EDA06E54B7E40DA /* Pods-moneyiOS.release.xcconfig */;
			buildSettings = {
				ALWAYS_SEARCH_USER_PATHS = NO;
				CLANG_CXX_LANGUAGE_STANDARD = "gnu++0x";
				CLANG_CXX_LIBRARY = "libc++";
				CLANG_ENABLE_MODULES = YES;
				CLANG_ENABLE_OBJC_ARC = YES;
				CLANG_WARN_BOOL_CONVERSION = YES;
				CLANG_WARN_CONSTANT_CONVERSION = YES;
				CLANG_WARN_DIRECT_OBJC_ISA_USAGE = YES_ERROR;
				CLANG_WARN_EMPTY_BODY = YES;
				CLANG_WARN_ENUM_CONVERSION = YES;
				CLANG_WARN_INT_CONVERSION = YES;
				CLANG_WARN_OBJC_ROOT_CLASS = YES_ERROR;
				CLANG_WARN_UNREACHABLE_CODE = YES;
				CLANG_WARN__DUPLICATE_METHOD_MATCH = YES;
				CODE_SIGN_IDENTITY = "iPhone Developer: jam wang (S7GN5K6W2H)";
				"CODE_SIGN_IDENTITY[sdk=iphoneos*]" = "iPhone Developer: jam wang (S7GN5K6W2H)";
				COPY_PHASE_STRIP = NO;
				DEBUG_INFORMATION_FORMAT = "dwarf-with-dsym";
				DEVELOPMENT_TEAM = money;
				ENABLE_NS_ASSERTIONS = NO;
				ENABLE_STRICT_OBJC_MSGSEND = YES;
				GCC_C_LANGUAGE_STANDARD = gnu99;
				GCC_NO_COMMON_BLOCKS = YES;
				GCC_WARN_64_TO_32_BIT_CONVERSION = YES;
				GCC_WARN_ABOUT_RETURN_TYPE = YES_ERROR;
				GCC_WARN_UNDECLARED_SELECTOR = YES;
				GCC_WARN_UNINITIALIZED_AUTOS = YES_AGGRESSIVE;
				GCC_WARN_UNUSED_FUNCTION = YES;
				GCC_WARN_UNUSED_VARIABLE = YES;
				IPHONEOS_DEPLOYMENT_TARGET = 9.2;
				MTL_ENABLE_DEBUG_INFO = NO;
				PROVISIONING_PROFILE = "b89e7692-f965-4a1b-be1f-2b7b844596a7";
				PROVISIONING_PROFILE_SPECIFIER = "";
				"PROVISIONING_PROFILE_SPECIFIER[sdk=*]" = "";
				SDKROOT = iphoneos;
				SWIFT_VERSION = 3.0;
				VALIDATE_PRODUCT = YES;
			};
			name = Release;
		};
		B2D173271D3CA27D00FC128A /* Debug */ = {
			isa = XCBuildConfiguration;
			baseConfigurationReference = 071F84D32E988F20775DFDC4 /* Pods-moneyiOS.debug.xcconfig */;
			buildSettings = {
				ASSETCATALOG_COMPILER_APPICON_NAME = AppIcon;
				"CODE_SIGN_IDENTITY[sdk=iphoneos*]" = "iPhone Developer";
				DEVELOPMENT_TEAM = 7R8RS88G2M;
				FRAMEWORK_SEARCH_PATHS = (
					"$(inherited)",
					"$(PROJECT_DIR)/moneyiOS",
				);
				GCC_PREPROCESSOR_DEFINITIONS = (
					"$(inherited)",
					"COCOAPODS=1",
					"DEV=1",
				);
				INFOPLIST_FILE = moneyiOS/Info.plist;
				LD_RUNPATH_SEARCH_PATHS = "$(inherited) @executable_path/Frameworks";
				OTHER_SWIFT_FLAGS = "$(inherited) \"-D\" \"COCOAPODS\" \"-D\" \"DEV\"";
				PRODUCT_BUNDLE_IDENTIFIER = com.wanghan.moneyiOS;
				PRODUCT_NAME = "$(TARGET_NAME)";
				PROVISIONING_PROFILE_SPECIFIER = "";
				SWIFT_OBJC_BRIDGING_HEADER = "$(SRCROOT)/$(PROJECT_NAME)/$(PROJECT_NAME)-Bridging-Header.h";
				SWIFT_VERSION = 3.0;
			};
			name = Debug;
		};
		B2D173281D3CA27D00FC128A /* Release */ = {
			isa = XCBuildConfiguration;
			baseConfigurationReference = 1BD34F029EDA06E54B7E40DA /* Pods-moneyiOS.release.xcconfig */;
			buildSettings = {
				ASSETCATALOG_COMPILER_APPICON_NAME = AppIcon;
				"CODE_SIGN_IDENTITY[sdk=iphoneos*]" = "iPhone Developer";
				DEVELOPMENT_TEAM = 7R8RS88G2M;
				FRAMEWORK_SEARCH_PATHS = (
					"$(inherited)",
					"$(PROJECT_DIR)/moneyiOS",
				);
				GCC_PREPROCESSOR_DEFINITIONS = (
					"$(inherited)",
					"COCOAPODS=1",
					"DEV=1",
				);
				INFOPLIST_FILE = moneyiOS/Info.plist;
				LD_RUNPATH_SEARCH_PATHS = "$(inherited) @executable_path/Frameworks";
				OTHER_SWIFT_FLAGS = "$(inherited) \"-D\" \"COCOAPODS\" \"-D\" \"DEV\"";
				PRODUCT_BUNDLE_IDENTIFIER = com.wanghan.moneyiOS;
				PRODUCT_NAME = "$(TARGET_NAME)";
				PROVISIONING_PROFILE_SPECIFIER = "";
				SWIFT_OBJC_BRIDGING_HEADER = "$(SRCROOT)/$(PROJECT_NAME)/$(PROJECT_NAME)-Bridging-Header.h";
				SWIFT_VERSION = 3.0;
			};
			name = Release;
		};
		B2D1733C1D3CC92200FC128A /* Debug */ = {
			isa = XCBuildConfiguration;
			buildSettings = {
				INFOPLIST_FILE = moneyiOSUITests/Info.plist;
				LD_RUNPATH_SEARCH_PATHS = "$(inherited) @executable_path/Frameworks @loader_path/Frameworks";
				PRODUCT_BUNDLE_IDENTIFIER = com.jam.moneyiOSUITests;
				PRODUCT_NAME = "$(TARGET_NAME)";
				TEST_TARGET_NAME = moneyiOS;
				USES_XCTRUNNER = YES;
			};
			name = Debug;
		};
		B2D1733D1D3CC92200FC128A /* Release */ = {
			isa = XCBuildConfiguration;
			buildSettings = {
				INFOPLIST_FILE = moneyiOSUITests/Info.plist;
				LD_RUNPATH_SEARCH_PATHS = "$(inherited) @executable_path/Frameworks @loader_path/Frameworks";
				PRODUCT_BUNDLE_IDENTIFIER = com.jam.moneyiOSUITests;
				PRODUCT_NAME = "$(TARGET_NAME)";
				TEST_TARGET_NAME = moneyiOS;
				USES_XCTRUNNER = YES;
			};
			name = Release;
		};
		B2D1734B1D3CC9C000FC128A /* Debug */ = {
			isa = XCBuildConfiguration;
			buildSettings = {
				BUNDLE_LOADER = "$(TEST_HOST)";
				INFOPLIST_FILE = moneyiOSTests/Info.plist;
				LD_RUNPATH_SEARCH_PATHS = "$(inherited) @executable_path/Frameworks @loader_path/Frameworks";
				PRODUCT_BUNDLE_IDENTIFIER = com.jam.moneyiOSTests;
				PRODUCT_NAME = "$(TARGET_NAME)";
				TEST_HOST = "$(BUILT_PRODUCTS_DIR)/moneyiOS.app/moneyiOS";
			};
			name = Debug;
		};
		B2D1734C1D3CC9C000FC128A /* Release */ = {
			isa = XCBuildConfiguration;
			buildSettings = {
				BUNDLE_LOADER = "$(TEST_HOST)";
				INFOPLIST_FILE = moneyiOSTests/Info.plist;
				LD_RUNPATH_SEARCH_PATHS = "$(inherited) @executable_path/Frameworks @loader_path/Frameworks";
				PRODUCT_BUNDLE_IDENTIFIER = com.jam.moneyiOSTests;
				PRODUCT_NAME = "$(TARGET_NAME)";
				TEST_HOST = "$(BUILT_PRODUCTS_DIR)/moneyiOS.app/moneyiOS";
			};
			name = Release;
		};
/* End XCBuildConfiguration section */

/* Begin XCConfigurationList section */
		B22FDCD41D8FE07F005B0E86 /* Build configuration list for PBXNativeTarget "UATmoneyiOS" */ = {
			isa = XCConfigurationList;
			buildConfigurations = (
				B22FDCD51D8FE07F005B0E86 /* Debug */,
				B22FDCD61D8FE07F005B0E86 /* Release */,
			);
			defaultConfigurationIsVisible = 0;
			defaultConfigurationName = Release;
		};
		B2D1730C1D3CA27C00FC128A /* Build configuration list for PBXProject "moneyiOS" */ = {
			isa = XCConfigurationList;
			buildConfigurations = (
				B2D173241D3CA27D00FC128A /* Debug */,
				B2D173251D3CA27D00FC128A /* Release */,
			);
			defaultConfigurationIsVisible = 0;
			defaultConfigurationName = Release;
		};
		B2D173261D3CA27D00FC128A /* Build configuration list for PBXNativeTarget "moneyiOS" */ = {
			isa = XCConfigurationList;
			buildConfigurations = (
				B2D173271D3CA27D00FC128A /* Debug */,
				B2D173281D3CA27D00FC128A /* Release */,
			);
			defaultConfigurationIsVisible = 0;
			defaultConfigurationName = Release;
		};
		B2D1733E1D3CC92200FC128A /* Build configuration list for PBXNativeTarget "moneyiOSUITests" */ = {
			isa = XCConfigurationList;
			buildConfigurations = (
				B2D1733C1D3CC92200FC128A /* Debug */,
				B2D1733D1D3CC92200FC128A /* Release */,
			);
			defaultConfigurationIsVisible = 0;
			defaultConfigurationName = Release;
		};
		B2D1734A1D3CC9C000FC128A /* Build configuration list for PBXNativeTarget "moneyiOSTests" */ = {
			isa = XCConfigurationList;
			buildConfigurations = (
				B2D1734B1D3CC9C000FC128A /* Debug */,
				B2D1734C1D3CC9C000FC128A /* Release */,
			);
			defaultConfigurationIsVisible = 0;
			defaultConfigurationName = Release;
		};
/* End XCConfigurationList section */

/* Begin XCVersionGroup section */
		B2D1731B1D3CA27C00FC128A /* moneyiOS.xcdatamodeld */ = {
			isa = XCVersionGroup;
			children = (
				B2D1731C1D3CA27C00FC128A /* moneyiOS.xcdatamodel */,
			);
			currentVersion = B2D1731C1D3CA27C00FC128A /* moneyiOS.xcdatamodel */;
			path = moneyiOS.xcdatamodeld;
			sourceTree = "<group>";
			versionGroupType = wrapper.xcdatamodel;
		};
/* End XCVersionGroup section */
	};
	rootObject = B2D173091D3CA27C00FC128A /* Project object */;
}
